// !$*UTF8*$!
{
	archiveVersion = 1;
	classes = {
	};
	objectVersion = 60;
	objects = {

/* Begin PBXBuildFile section */
		8CAE8361758969FDD94DCCAC /* Pods_MatchPokerPatti.framework in Frameworks */ = {isa = PBXBuildFile; fileRef = 39C007BC5E904947CE68AE89 /* Pods_MatchPokerPatti.framework */; };
		C6A36A092BCBA406006A98AB /* AppDelegate.m in Sources */ = {isa = PBXBuildFile; fileRef = C6A36A082BCBA406006A98AB /* AppDelegate.m */; };
		C6A36A122BCBA406006A98AB /* Main.storyboard in Resources */ = {isa = PBXBuildFile; fileRef = C6A36A102BCBA406006A98AB /* Main.storyboard */; };
		C6A36A142BCBA408006A98AB /* Assets.xcassets in Resources */ = {isa = PBXBuildFile; fileRef = C6A36A132BCBA408006A98AB /* Assets.xcassets */; };
		C6A36A172BCBA408006A98AB /* LaunchScreen.storyboard in Resources */ = {isa = PBXBuildFile; fileRef = C6A36A152BCBA408006A98AB /* LaunchScreen.storyboard */; };
		C6A36A1A2BCBA408006A98AB /* main.m in Sources */ = {isa = PBXBuildFile; fileRef = C6A36A192BCBA408006A98AB /* main.m */; };
		C6A36A242BCBA409006A98AB /* MatchPokerPattiTests.m in Sources */ = {isa = PBXBuildFile; fileRef = C6A36A232BCBA409006A98AB /* MatchPokerPattiTests.m */; };
		C6A36A2E2BCBA409006A98AB /* MatchPokerPattiUITests.m in Sources */ = {isa = PBXBuildFile; fileRef = C6A36A2D2BCBA409006A98AB /* MatchPokerPattiUITests.m */; };
		C6A36A302BCBA409006A98AB /* MatchPokerPattiUITestsLaunchTests.m in Sources */ = {isa = PBXBuildFile; fileRef = C6A36A2F2BCBA409006A98AB /* MatchPokerPattiUITestsLaunchTests.m */; };
		C6A36A3F2BCBA4F4006A98AB /* GACViewController.m in Sources */ = {isa = PBXBuildFile; fileRef = C6A36A3D2BCBA4F4006A98AB /* GACViewController.m */; };
		C6A36A402BCBA4F4006A98AB /* GACViewController.xib in Resources */ = {isa = PBXBuildFile; fileRef = C6A36A3E2BCBA4F4006A98AB /* GACViewController.xib */; };
		C6AC75742C1AD4420028665D /* ViewController.m in Sources */ = {isa = PBXBuildFile; fileRef = C6AC75722C1AD4420028665D /* ViewController.m */; };
		C6AC75752C1AD4420028665D /* ViewController.xib in Resources */ = {isa = PBXBuildFile; fileRef = C6AC75732C1AD4420028665D /* ViewController.xib */; };
		C6AC75832C1AEE260028665D /* ShareViewController.m in Sources */ = {isa = PBXBuildFile; fileRef = C6AC75812C1AEE260028665D /* ShareViewController.m */; };
		C6AC75842C1AEE260028665D /* ShareViewController.xib in Resources */ = {isa = PBXBuildFile; fileRef = C6AC75822C1AEE260028665D /* ShareViewController.xib */; };
		C6AC758D2C1AF3CD0028665D /* RuleViewController.m in Sources */ = {isa = PBXBuildFile; fileRef = C6AC758B2C1AF3CD0028665D /* RuleViewController.m */; };
		C6AC758E2C1AF3CD0028665D /* RuleViewController.xib in Resources */ = {isa = PBXBuildFile; fileRef = C6AC758C2C1AF3CD0028665D /* RuleViewController.xib */; };
		C6AC75972C1BE63B0028665D /* SIPViewController.m in Sources */ = {isa = PBXBuildFile; fileRef = C6AC75952C1BE63B0028665D /* SIPViewController.m */; };
		C6AC75982C1BE63B0028665D /* SIPViewController.xib in Resources */ = {isa = PBXBuildFile; fileRef = C6AC75962C1BE63B0028665D /* SIPViewController.xib */; };
		C6AC759C2C1BE6C40028665D /* HellViewController.m in Sources */ = {isa = PBXBuildFile; fileRef = C6AC759A2C1BE6C40028665D /* HellViewController.m */; };
		C6AC759D2C1BE6C40028665D /* HellViewController.xib in Resources */ = {isa = PBXBuildFile; fileRef = C6AC759B2C1BE6C40028665D /* HellViewController.xib */; };
		C6AC75A52C1C25400028665D /* MATHCViewController.m in Sources */ = {isa = PBXBuildFile; fileRef = C6AC75A32C1C25400028665D /* MATHCViewController.m */; };
/* End PBXBuildFile section */

/* Begin PBXContainerItemProxy section */
		C6A36A202BCBA409006A98AB /* PBXContainerItemProxy */ = {
			isa = PBXContainerItemProxy;
			containerPortal = C6A369FC2BCBA406006A98AB /* Project object */;
			proxyType = 1;
			remoteGlobalIDString = C6A36A032BCBA406006A98AB;
			remoteInfo = MatchPokerPatti;
		};
		C6A36A2A2BCBA409006A98AB /* PBXContainerItemProxy */ = {
			isa = PBXContainerItemProxy;
			containerPortal = C6A369FC2BCBA406006A98AB /* Project object */;
			proxyType = 1;
			remoteGlobalIDString = C6A36A032BCBA406006A98AB;
			remoteInfo = MatchPokerPatti;
		};
/* End PBXContainerItemProxy section */

/* Begin PBXFileReference section */
		39C007BC5E904947CE68AE89 /* Pods_MatchPokerPatti.framework */ = {isa = PBXFileReference; explicitFileType = wrapper.framework; includeInIndex = 0; path = Pods_MatchPokerPatti.framework; sourceTree = BUILT_PRODUCTS_DIR; };
		849245DA548ED63E206BA275 /* Pods-MatchPokerPatti.release.xcconfig */ = {isa = PBXFileReference; includeInIndex = 1; lastKnownFileType = text.xcconfig; name = "Pods-MatchPokerPatti.release.xcconfig"; path = "Target Support Files/Pods-MatchPokerPatti/Pods-MatchPokerPatti.release.xcconfig"; sourceTree = "<group>"; };
		BFA538C64F4E2460A21F0AEB /* Pods-MatchPokerPatti.debug.xcconfig */ = {isa = PBXFileReference; includeInIndex = 1; lastKnownFileType = text.xcconfig; name = "Pods-MatchPokerPatti.debug.xcconfig"; path = "Target Support Files/Pods-MatchPokerPatti/Pods-MatchPokerPatti.debug.xcconfig"; sourceTree = "<group>"; };
		C6A36A042BCBA406006A98AB /* MatchPokerPatti.app */ = {isa = PBXFileReference; explicitFileType = wrapper.application; includeInIndex = 0; path = MatchPokerPatti.app; sourceTree = BUILT_PRODUCTS_DIR; };
		C6A36A072BCBA406006A98AB /* AppDelegate.h */ = {isa = PBXFileReference; lastKnownFileType = sourcecode.c.h; path = AppDelegate.h; sourceTree = "<group>"; };
		C6A36A082BCBA406006A98AB /* AppDelegate.m */ = {isa = PBXFileReference; lastKnownFileType = sourcecode.c.objc; path = AppDelegate.m; sourceTree = "<group>"; };
		C6A36A112BCBA406006A98AB /* Base */ = {isa = PBXFileReference; lastKnownFileType = file.storyboard; name = Base; path = Base.lproj/Main.storyboard; sourceTree = "<group>"; };
		C6A36A132BCBA408006A98AB /* Assets.xcassets */ = {isa = PBXFileReference; lastKnownFileType = folder.assetcatalog; path = Assets.xcassets; sourceTree = "<group>"; };
		C6A36A162BCBA408006A98AB /* Base */ = {isa = PBXFileReference; lastKnownFileType = file.storyboard; name = Base; path = Base.lproj/LaunchScreen.storyboard; sourceTree = "<group>"; };
		C6A36A182BCBA408006A98AB /* Info.plist */ = {isa = PBXFileReference; lastKnownFileType = text.plist.xml; path = Info.plist; sourceTree = "<group>"; };
		C6A36A192BCBA408006A98AB /* main.m */ = {isa = PBXFileReference; lastKnownFileType = sourcecode.c.objc; path = main.m; sourceTree = "<group>"; };
		C6A36A1F2BCBA409006A98AB /* MatchPokerPattiTests.xctest */ = {isa = PBXFileReference; explicitFileType = wrapper.cfbundle; includeInIndex = 0; path = MatchPokerPattiTests.xctest; sourceTree = BUILT_PRODUCTS_DIR; };
		C6A36A232BCBA409006A98AB /* MatchPokerPattiTests.m */ = {isa = PBXFileReference; lastKnownFileType = sourcecode.c.objc; path = MatchPokerPattiTests.m; sourceTree = "<group>"; };
		C6A36A292BCBA409006A98AB /* MatchPokerPattiUITests.xctest */ = {isa = PBXFileReference; explicitFileType = wrapper.cfbundle; includeInIndex = 0; path = MatchPokerPattiUITests.xctest; sourceTree = BUILT_PRODUCTS_DIR; };
		C6A36A2D2BCBA409006A98AB /* MatchPokerPattiUITests.m */ = {isa = PBXFileReference; lastKnownFileType = sourcecode.c.objc; path = MatchPokerPattiUITests.m; sourceTree = "<group>"; };
		C6A36A2F2BCBA409006A98AB /* MatchPokerPattiUITestsLaunchTests.m */ = {isa = PBXFileReference; lastKnownFileType = sourcecode.c.objc; path = MatchPokerPattiUITestsLaunchTests.m; sourceTree = "<group>"; };
		C6A36A3C2BCBA4F4006A98AB /* GACViewController.h */ = {isa = PBXFileReference; lastKnownFileType = sourcecode.c.h; path = GACViewController.h; sourceTree = "<group>"; };
		C6A36A3D2BCBA4F4006A98AB /* GACViewController.m */ = {isa = PBXFileReference; lastKnownFileType = sourcecode.c.objc; path = GACViewController.m; sourceTree = "<group>"; };
		C6A36A3E2BCBA4F4006A98AB /* GACViewController.xib */ = {isa = PBXFileReference; lastKnownFileType = file.xib; path = GACViewController.xib; sourceTree = "<group>"; };
		C6AC75712C1AD4420028665D /* ViewController.h */ = {isa = PBXFileReference; lastKnownFileType = sourcecode.c.h; path = ViewController.h; sourceTree = "<group>"; };
		C6AC75722C1AD4420028665D /* ViewController.m */ = {isa = PBXFileReference; lastKnownFileType = sourcecode.c.objc; path = ViewController.m; sourceTree = "<group>"; };
		C6AC75732C1AD4420028665D /* ViewController.xib */ = {isa = PBXFileReference; lastKnownFileType = file.xib; path = ViewController.xib; sourceTree = "<group>"; };
		C6AC75802C1AEE260028665D /* ShareViewController.h */ = {isa = PBXFileReference; lastKnownFileType = sourcecode.c.h; path = ShareViewController.h; sourceTree = "<group>"; };
		C6AC75812C1AEE260028665D /* ShareViewController.m */ = {isa = PBXFileReference; lastKnownFileType = sourcecode.c.objc; path = ShareViewController.m; sourceTree = "<group>"; };
		C6AC75822C1AEE260028665D /* ShareViewController.xib */ = {isa = PBXFileReference; lastKnownFileType = file.xib; path = ShareViewController.xib; sourceTree = "<group>"; };
		C6AC758A2C1AF3CD0028665D /* RuleViewController.h */ = {isa = PBXFileReference; lastKnownFileType = sourcecode.c.h; path = RuleViewController.h; sourceTree = "<group>"; };
		C6AC758B2C1AF3CD0028665D /* RuleViewController.m */ = {isa = PBXFileReference; lastKnownFileType = sourcecode.c.objc; path = RuleViewController.m; sourceTree = "<group>"; };
		C6AC758C2C1AF3CD0028665D /* RuleViewController.xib */ = {isa = PBXFileReference; lastKnownFileType = file.xib; path = RuleViewController.xib; sourceTree = "<group>"; };
		C6AC75942C1BE63B0028665D /* SIPViewController.h */ = {isa = PBXFileReference; lastKnownFileType = sourcecode.c.h; path = SIPViewController.h; sourceTree = "<group>"; };
		C6AC75952C1BE63B0028665D /* SIPViewController.m */ = {isa = PBXFileReference; lastKnownFileType = sourcecode.c.objc; path = SIPViewController.m; sourceTree = "<group>"; };
		C6AC75962C1BE63B0028665D /* SIPViewController.xib */ = {isa = PBXFileReference; lastKnownFileType = file.xib; path = SIPViewController.xib; sourceTree = "<group>"; };
		C6AC75992C1BE6C40028665D /* HellViewController.h */ = {isa = PBXFileReference; lastKnownFileType = sourcecode.c.h; path = HellViewController.h; sourceTree = "<group>"; };
		C6AC759A2C1BE6C40028665D /* HellViewController.m */ = {isa = PBXFileReference; lastKnownFileType = sourcecode.c.objc; path = HellViewController.m; sourceTree = "<group>"; };
		C6AC759B2C1BE6C40028665D /* HellViewController.xib */ = {isa = PBXFileReference; lastKnownFileType = file.xib; path = HellViewController.xib; sourceTree = "<group>"; };
		C6AC75A32C1C25400028665D /* MATHCViewController.m */ = {isa = PBXFileReference; fileEncoding = 4; lastKnownFileType = sourcecode.c.objc; path = MATHCViewController.m; sourceTree = "<group>"; };
		C6AC75A42C1C25400028665D /* MATHCViewController.h */ = {isa = PBXFileReference; fileEncoding = 4; lastKnownFileType = sourcecode.c.h; path = MATHCViewController.h; sourceTree = "<group>"; };
/* End PBXFileReference section */

/* Begin PBXFrameworksBuildPhase section */
		C6A36A012BCBA406006A98AB /* Frameworks */ = {
			isa = PBXFrameworksBuildPhase;
			buildActionMask = 2147483647;
			files = (
				8CAE8361758969FDD94DCCAC /* Pods_MatchPokerPatti.framework in Frameworks */,
			);
			runOnlyForDeploymentPostprocessing = 0;
		};
		C6A36A1C2BCBA409006A98AB /* Frameworks */ = {
			isa = PBXFrameworksBuildPhase;
			buildActionMask = 2147483647;
			files = (
			);
			runOnlyForDeploymentPostprocessing = 0;
		};
		C6A36A262BCBA409006A98AB /* Frameworks */ = {
			isa = PBXFrameworksBuildPhase;
			buildActionMask = 2147483647;
			files = (
			);
			runOnlyForDeploymentPostprocessing = 0;
		};
/* End PBXFrameworksBuildPhase section */

/* Begin PBXGroup section */
		7314B9B48216F0A4F0C65D83 /* Frameworks */ = {
			isa = PBXGroup;
			children = (
				39C007BC5E904947CE68AE89 /* Pods_MatchPokerPatti.framework */,
			);
			name = Frameworks;
			sourceTree = "<group>";
		};
		C6A369FB2BCBA406006A98AB = {
			isa = PBXGroup;
			children = (
				C6A36A062BCBA406006A98AB /* MatchPokerPatti */,
				C6A36A222BCBA409006A98AB /* MatchPokerPattiTests */,
				C6A36A2C2BCBA409006A98AB /* MatchPokerPattiUITests */,
				C6A36A052BCBA406006A98AB /* Products */,
				CCF5108DF8A7007D97EDFBCE /* Pods */,
				7314B9B48216F0A4F0C65D83 /* Frameworks */,
			);
			sourceTree = "<group>";
		};
		C6A36A052BCBA406006A98AB /* Products */ = {
			isa = PBXGroup;
			children = (
				C6A36A042BCBA406006A98AB /* MatchPokerPatti.app */,
				C6A36A1F2BCBA409006A98AB /* MatchPokerPattiTests.xctest */,
				C6A36A292BCBA409006A98AB /* MatchPokerPattiUITests.xctest */,
			);
			name = Products;
			sourceTree = "<group>";
		};
		C6A36A062BCBA406006A98AB /* MatchPokerPatti */ = {
			isa = PBXGroup;
			children = (
				C6AC75A42C1C25400028665D /* MATHCViewController.h */,
				C6AC75A32C1C25400028665D /* MATHCViewController.m */,
				C6A36A072BCBA406006A98AB /* AppDelegate.h */,
				C6A36A082BCBA406006A98AB /* AppDelegate.m */,
				C6A36A102BCBA406006A98AB /* Main.storyboard */,
				C6A36A132BCBA408006A98AB /* Assets.xcassets */,
				C6A36A152BCBA408006A98AB /* LaunchScreen.storyboard */,
				C6A36A182BCBA408006A98AB /* Info.plist */,
				C6A36A192BCBA408006A98AB /* main.m */,
				C6A36A3C2BCBA4F4006A98AB /* GACViewController.h */,
				C6A36A3D2BCBA4F4006A98AB /* GACViewController.m */,
				C6A36A3E2BCBA4F4006A98AB /* GACViewController.xib */,
				C6AC75712C1AD4420028665D /* ViewController.h */,
				C6AC75722C1AD4420028665D /* ViewController.m */,
				C6AC75732C1AD4420028665D /* ViewController.xib */,
				C6AC75802C1AEE260028665D /* ShareViewController.h */,
				C6AC75812C1AEE260028665D /* ShareViewController.m */,
				C6AC75822C1AEE260028665D /* ShareViewController.xib */,
				C6AC758A2C1AF3CD0028665D /* RuleViewController.h */,
				C6AC758B2C1AF3CD0028665D /* RuleViewController.m */,
				C6AC758C2C1AF3CD0028665D /* RuleViewController.xib */,
				C6AC75942C1BE63B0028665D /* SIPViewController.h */,
				C6AC75952C1BE63B0028665D /* SIPViewController.m */,
				C6AC75962C1BE63B0028665D /* SIPViewController.xib */,
				C6AC75992C1BE6C40028665D /* HellViewController.h */,
				C6AC759A2C1BE6C40028665D /* HellViewController.m */,
				C6AC759B2C1BE6C40028665D /* HellViewController.xib */,
			);
			path = MatchPokerPatti;
			sourceTree = "<group>";
		};
		C6A36A222BCBA409006A98AB /* MatchPokerPattiTests */ = {
			isa = PBXGroup;
			children = (
				C6A36A232BCBA409006A98AB /* MatchPokerPattiTests.m */,
			);
			path = MatchPokerPattiTests;
			sourceTree = "<group>";
		};
		C6A36A2C2BCBA409006A98AB /* MatchPokerPattiUITests */ = {
			isa = PBXGroup;
			children = (
				C6A36A2D2BCBA409006A98AB /* MatchPokerPattiUITests.m */,
				C6A36A2F2BCBA409006A98AB /* MatchPokerPattiUITestsLaunchTests.m */,
			);
			path = MatchPokerPattiUITests;
			sourceTree = "<group>";
		};
		CCF5108DF8A7007D97EDFBCE /* Pods */ = {
			isa = PBXGroup;
			children = (
				BFA538C64F4E2460A21F0AEB /* Pods-MatchPokerPatti.debug.xcconfig */,
				849245DA548ED63E206BA275 /* Pods-MatchPokerPatti.release.xcconfig */,
			);
			path = Pods;
			sourceTree = "<group>";
		};
/* End PBXGroup section */

/* Begin PBXNativeTarget section */
		C6A36A032BCBA406006A98AB /* MatchPokerPatti */ = {
			isa = PBXNativeTarget;
			buildConfigurationList = C6A36A332BCBA409006A98AB /* Build configuration list for PBXNativeTarget "MatchPokerPatti" */;
			buildPhases = (
				172533E76E6E5E399534B0C7 /* [CP] Check Pods Manifest.lock */,
				C6A36A002BCBA406006A98AB /* Sources */,
				C6A36A012BCBA406006A98AB /* Frameworks */,
				C6A36A022BCBA406006A98AB /* Resources */,
				895B518C8D8E338F28EC582A /* [CP] Embed Pods Frameworks */,
			);
			buildRules = (
			);
			dependencies = (
			);
			name = MatchPokerPatti;
			productName = MatchPokerPatti;
			productReference = C6A36A042BCBA406006A98AB /* MatchPokerPatti.app */;
			productType = "com.apple.product-type.application";
		};
		C6A36A1E2BCBA409006A98AB /* MatchPokerPattiTests */ = {
			isa = PBXNativeTarget;
			buildConfigurationList = C6A36A362BCBA409006A98AB /* Build configuration list for PBXNativeTarget "MatchPokerPattiTests" */;
			buildPhases = (
				C6A36A1B2BCBA409006A98AB /* Sources */,
				C6A36A1C2BCBA409006A98AB /* Frameworks */,
				C6A36A1D2BCBA409006A98AB /* Resources */,
			);
			buildRules = (
			);
			dependencies = (
				C6A36A212BCBA409006A98AB /* PBXTargetDependency */,
			);
			name = MatchPokerPattiTests;
			productName = MatchPokerPattiTests;
			productReference = C6A36A1F2BCBA409006A98AB /* MatchPokerPattiTests.xctest */;
			productType = "com.apple.product-type.bundle.unit-test";
		};
		C6A36A282BCBA409006A98AB /* MatchPokerPattiUITests */ = {
			isa = PBXNativeTarget;
			buildConfigurationList = C6A36A392BCBA409006A98AB /* Build configuration list for PBXNativeTarget "MatchPokerPattiUITests" */;
			buildPhases = (
				C6A36A252BCBA409006A98AB /* Sources */,
				C6A36A262BCBA409006A98AB /* Frameworks */,
				C6A36A272BCBA409006A98AB /* Resources */,
			);
			buildRules = (
			);
			dependencies = (
				C6A36A2B2BCBA409006A98AB /* PBXTargetDependency */,
			);
			name = MatchPokerPattiUITests;
			productName = MatchPokerPattiUITests;
			productReference = C6A36A292BCBA409006A98AB /* MatchPokerPattiUITests.xctest */;
			productType = "com.apple.product-type.bundle.ui-testing";
		};
/* End PBXNativeTarget section */

/* Begin PBXProject section */
		C6A369FC2BCBA406006A98AB /* Project object */ = {
			isa = PBXProject;
			attributes = {
				BuildIndependentTargetsInParallel = 1;
				LastUpgradeCheck = 1520;
				TargetAttributes = {
					C6A36A032BCBA406006A98AB = {
						CreatedOnToolsVersion = 15.2;
					};
					C6A36A1E2BCBA409006A98AB = {
						CreatedOnToolsVersion = 15.2;
						TestTargetID = C6A36A032BCBA406006A98AB;
					};
					C6A36A282BCBA409006A98AB = {
						CreatedOnToolsVersion = 15.2;
						TestTargetID = C6A36A032BCBA406006A98AB;
					};
				};
			};
			buildConfigurationList = C6A369FF2BCBA406006A98AB /* Build configuration list for PBXProject "MatchPokerPatti" */;
			compatibilityVersion = "Xcode 15.0";
			developmentRegion = en;
			hasScannedForEncodings = 0;
			knownRegions = (
				en,
				Base,
			);
			mainGroup = C6A369FB2BCBA406006A98AB;
			productRefGroup = C6A36A052BCBA406006A98AB /* Products */;
			projectDirPath = "";
			projectRoot = "";
			targets = (
				C6A36A032BCBA406006A98AB /* MatchPokerPatti */,
				C6A36A1E2BCBA409006A98AB /* MatchPokerPattiTests */,
				C6A36A282BCBA409006A98AB /* MatchPokerPattiUITests */,
			);
		};
/* End PBXProject section */

/* Begin PBXResourcesBuildPhase section */
		C6A36A022BCBA406006A98AB /* Resources */ = {
			isa = PBXResourcesBuildPhase;
			buildActionMask = 2147483647;
			files = (
				C6AC75752C1AD4420028665D /* ViewController.xib in Resources */,
				C6AC759D2C1BE6C40028665D /* HellViewController.xib in Resources */,
				C6AC75982C1BE63B0028665D /* SIPViewController.xib in Resources */,
				C6A36A402BCBA4F4006A98AB /* GACViewController.xib in Resources */,
				C6A36A172BCBA408006A98AB /* LaunchScreen.storyboard in Resources */,
				C6A36A142BCBA408006A98AB /* Assets.xcassets in Resources */,
				C6AC75842C1AEE260028665D /* ShareViewController.xib in Resources */,
				C6A36A122BCBA406006A98AB /* Main.storyboard in Resources */,
				C6AC758E2C1AF3CD0028665D /* RuleViewController.xib in Resources */,
			);
			runOnlyForDeploymentPostprocessing = 0;
		};
		C6A36A1D2BCBA409006A98AB /* Resources */ = {
			isa = PBXResourcesBuildPhase;
			buildActionMask = 2147483647;
			files = (
			);
			runOnlyForDeploymentPostprocessing = 0;
		};
		C6A36A272BCBA409006A98AB /* Resources */ = {
			isa = PBXResourcesBuildPhase;
			buildActionMask = 2147483647;
			files = (
			);
			runOnlyForDeploymentPostprocessing = 0;
		};
/* End PBXResourcesBuildPhase section */

/* Begin PBXShellScriptBuildPhase section */
		172533E76E6E5E399534B0C7 /* [CP] Check Pods Manifest.lock */ = {
			isa = PBXShellScriptBuildPhase;
			buildActionMask = 2147483647;
			files = (
			);
			inputFileListPaths = (
			);
			inputPaths = (
				"${PODS_PODFILE_DIR_PATH}/Podfile.lock",
				"${PODS_ROOT}/Manifest.lock",
			);
			name = "[CP] Check Pods Manifest.lock";
			outputFileListPaths = (
			);
			outputPaths = (
				"$(DERIVED_FILE_DIR)/Pods-MatchPokerPatti-checkManifestLockResult.txt",
			);
			runOnlyForDeploymentPostprocessing = 0;
			shellPath = /bin/sh;
			shellScript = "diff \"${PODS_PODFILE_DIR_PATH}/Podfile.lock\" \"${PODS_ROOT}/Manifest.lock\" > /dev/null\nif [ $? != 0 ] ; then\n    # print error to STDERR\n    echo \"error: The sandbox is not in sync with the Podfile.lock. Run 'pod install' or update your CocoaPods installation.\" >&2\n    exit 1\nfi\n# This output is used by Xcode 'outputs' to avoid re-running this script phase.\necho \"SUCCESS\" > \"${SCRIPT_OUTPUT_FILE_0}\"\n";
			showEnvVarsInLog = 0;
		};
		895B518C8D8E338F28EC582A /* [CP] Embed Pods Frameworks */ = {
			isa = PBXShellScriptBuildPhase;
			buildActionMask = 2147483647;
			files = (
			);
			inputFileListPaths = (
				"${PODS_ROOT}/Target Support Files/Pods-MatchPokerPatti/Pods-MatchPokerPatti-frameworks-${CONFIGURATION}-input-files.xcfilelist",
			);
			name = "[CP] Embed Pods Frameworks";
			outputFileListPaths = (
				"${PODS_ROOT}/Target Support Files/Pods-MatchPokerPatti/Pods-MatchPokerPatti-frameworks-${CONFIGURATION}-output-files.xcfilelist",
			);
			runOnlyForDeploymentPostprocessing = 0;
			shellPath = /bin/sh;
			shellScript = "\"${PODS_ROOT}/Target Support Files/Pods-MatchPokerPatti/Pods-MatchPokerPatti-frameworks.sh\"\n";
			showEnvVarsInLog = 0;
		};
/* End PBXShellScriptBuildPhase section */

/* Begin PBXSourcesBuildPhase section */
		C6A36A002BCBA406006A98AB /* Sources */ = {
			isa = PBXSourcesBuildPhase;
			buildActionMask = 2147483647;
			files = (
				C6AC758D2C1AF3CD0028665D /* RuleViewController.m in Sources */,
				C6A36A092BCBA406006A98AB /* AppDelegate.m in Sources */,
				C6A36A1A2BCBA408006A98AB /* main.m in Sources */,
				C6AC759C2C1BE6C40028665D /* HellViewController.m in Sources */,
				C6AC75742C1AD4420028665D /* ViewController.m in Sources */,
				C6AC75A52C1C25400028665D /* MATHCViewController.m in Sources */,
				C6AC75832C1AEE260028665D /* ShareViewController.m in Sources */,
				C6A36A3F2BCBA4F4006A98AB /* GACViewController.m in Sources */,
				C6AC75972C1BE63B0028665D /* SIPViewController.m in Sources */,
			);
			runOnlyForDeploymentPostprocessing = 0;
		};
		C6A36A1B2BCBA409006A98AB /* Sources */ = {
			isa = PBXSourcesBuildPhase;
			buildActionMask = 2147483647;
			files = (
				C6A36A242BCBA409006A98AB /* MatchPokerPattiTests.m in Sources */,
			);
			runOnlyForDeploymentPostprocessing = 0;
		};
		C6A36A252BCBA409006A98AB /* Sources */ = {
			isa = PBXSourcesBuildPhase;
			buildActionMask = 2147483647;
			files = (
				C6A36A2E2BCBA409006A98AB /* MatchPokerPattiUITests.m in Sources */,
				C6A36A302BCBA409006A98AB /* MatchPokerPattiUITestsLaunchTests.m in Sources */,
			);
			runOnlyForDeploymentPostprocessing = 0;
		};
/* End PBXSourcesBuildPhase section */

/* Begin PBXTargetDependency section */
		C6A36A212BCBA409006A98AB /* PBXTargetDependency */ = {
			isa = PBXTargetDependency;
			target = C6A36A032BCBA406006A98AB /* MatchPokerPatti */;
			targetProxy = C6A36A202BCBA409006A98AB /* PBXContainerItemProxy */;
		};
		C6A36A2B2BCBA409006A98AB /* PBXTargetDependency */ = {
			isa = PBXTargetDependency;
			target = C6A36A032BCBA406006A98AB /* MatchPokerPatti */;
			targetProxy = C6A36A2A2BCBA409006A98AB /* PBXContainerItemProxy */;
		};
/* End PBXTargetDependency section */

/* Begin PBXVariantGroup section */
		C6A36A102BCBA406006A98AB /* Main.storyboard */ = {
			isa = PBXVariantGroup;
			children = (
				C6A36A112BCBA406006A98AB /* Base */,
			);
			name = Main.storyboard;
			sourceTree = "<group>";
		};
		C6A36A152BCBA408006A98AB /* LaunchScreen.storyboard */ = {
			isa = PBXVariantGroup;
			children = (
				C6A36A162BCBA408006A98AB /* Base */,
			);
			name = LaunchScreen.storyboard;
			sourceTree = "<group>";
		};
/* End PBXVariantGroup section */

/* Begin XCBuildConfiguration section */
		C6A36A312BCBA409006A98AB /* Debug */ = {
			isa = XCBuildConfiguration;
			buildSettings = {
				ALWAYS_SEARCH_USER_PATHS = NO;
				ASSETCATALOG_COMPILER_GENERATE_SWIFT_ASSET_SYMBOL_EXTENSIONS = YES;
				CLANG_ANALYZER_NONNULL = YES;
				CLANG_ANALYZER_NUMBER_OBJECT_CONVERSION = YES_AGGRESSIVE;
				CLANG_CXX_LANGUAGE_STANDARD = "gnu++20";
				CLANG_ENABLE_MODULES = YES;
				CLANG_ENABLE_OBJC_ARC = YES;
				CLANG_ENABLE_OBJC_WEAK = YES;
				CLANG_WARN_BLOCK_CAPTURE_AUTORELEASING = YES;
				CLANG_WARN_BOOL_CONVERSION = YES;
				CLANG_WARN_COMMA = YES;
				CLANG_WARN_CONSTANT_CONVERSION = YES;
				CLANG_WARN_DEPRECATED_OBJC_IMPLEMENTATIONS = YES;
				CLANG_WARN_DIRECT_OBJC_ISA_USAGE = YES_ERROR;
				CLANG_WARN_DOCUMENTATION_COMMENTS = YES;
				CLANG_WARN_EMPTY_BODY = YES;
				CLANG_WARN_ENUM_CONVERSION = YES;
				CLANG_WARN_INFINITE_RECURSION = YES;
				CLANG_WARN_INT_CONVERSION = YES;
				CLANG_WARN_NON_LITERAL_NULL_CONVERSION = YES;
				CLANG_WARN_OBJC_IMPLICIT_RETAIN_SELF = YES;
				CLANG_WARN_OBJC_LITERAL_CONVERSION = YES;
				CLANG_WARN_OBJC_ROOT_CLASS = YES_ERROR;
				CLANG_WARN_QUOTED_INCLUDE_IN_FRAMEWORK_HEADER = YES;
				CLANG_WARN_RANGE_LOOP_ANALYSIS = YES;
				CLANG_WARN_STRICT_PROTOTYPES = YES;
				CLANG_WARN_SUSPICIOUS_MOVE = YES;
				CLANG_WARN_UNGUARDED_AVAILABILITY = YES_AGGRESSIVE;
				CLANG_WARN_UNREACHABLE_CODE = YES;
				CLANG_WARN__DUPLICATE_METHOD_MATCH = YES;
				COPY_PHASE_STRIP = NO;
				DEBUG_INFORMATION_FORMAT = dwarf;
				ENABLE_STRICT_OBJC_MSGSEND = YES;
				ENABLE_TESTABILITY = YES;
				ENABLE_USER_SCRIPT_SANDBOXING = YES;
				GCC_C_LANGUAGE_STANDARD = gnu17;
				GCC_DYNAMIC_NO_PIC = NO;
				GCC_NO_COMMON_BLOCKS = YES;
				GCC_OPTIMIZATION_LEVEL = 0;
				GCC_PREPROCESSOR_DEFINITIONS = (
					"DEBUG=1",
					"$(inherited)",
				);
				GCC_WARN_64_TO_32_BIT_CONVERSION = YES;
				GCC_WARN_ABOUT_RETURN_TYPE = YES_ERROR;
				GCC_WARN_UNDECLARED_SELECTOR = YES;
				GCC_WARN_UNINITIALIZED_AUTOS = YES_AGGRESSIVE;
				GCC_WARN_UNUSED_FUNCTION = YES;
				GCC_WARN_UNUSED_VARIABLE = YES;
				IPHONEOS_DEPLOYMENT_TARGET = 17.2;
				LOCALIZATION_PREFERS_STRING_CATALOGS = YES;
				MTL_ENABLE_DEBUG_INFO = INCLUDE_SOURCE;
				MTL_FAST_MATH = YES;
				ONLY_ACTIVE_ARCH = YES;
				SDKROOT = iphoneos;
			};
			name = Debug;
		};
		C6A36A322BCBA409006A98AB /* Release */ = {
			isa = XCBuildConfiguration;
			buildSettings = {
				ALWAYS_SEARCH_USER_PATHS = NO;
				ASSETCATALOG_COMPILER_GENERATE_SWIFT_ASSET_SYMBOL_EXTENSIONS = YES;
				CLANG_ANALYZER_NONNULL = YES;
				CLANG_ANALYZER_NUMBER_OBJECT_CONVERSION = YES_AGGRESSIVE;
				CLANG_CXX_LANGUAGE_STANDARD = "gnu++20";
				CLANG_ENABLE_MODULES = YES;
				CLANG_ENABLE_OBJC_ARC = YES;
				CLANG_ENABLE_OBJC_WEAK = YES;
				CLANG_WARN_BLOCK_CAPTURE_AUTORELEASING = YES;
				CLANG_WARN_BOOL_CONVERSION = YES;
				CLANG_WARN_COMMA = YES;
				CLANG_WARN_CONSTANT_CONVERSION = YES;
				CLANG_WARN_DEPRECATED_OBJC_IMPLEMENTATIONS = YES;
				CLANG_WARN_DIRECT_OBJC_ISA_USAGE = YES_ERROR;
				CLANG_WARN_DOCUMENTATION_COMMENTS = YES;
				CLANG_WARN_EMPTY_BODY = YES;
				CLANG_WARN_ENUM_CONVERSION = YES;
				CLANG_WARN_INFINITE_RECURSION = YES;
				CLANG_WARN_INT_CONVERSION = YES;
				CLANG_WARN_NON_LITERAL_NULL_CONVERSION = YES;
				CLANG_WARN_OBJC_IMPLICIT_RETAIN_SELF = YES;
				CLANG_WARN_OBJC_LITERAL_CONVERSION = YES;
				CLANG_WARN_OBJC_ROOT_CLASS = YES_ERROR;
				CLANG_WARN_QUOTED_INCLUDE_IN_FRAMEWORK_HEADER = YES;
				CLANG_WARN_RANGE_LOOP_ANALYSIS = YES;
				CLANG_WARN_STRICT_PROTOTYPES = YES;
				CLANG_WARN_SUSPICIOUS_MOVE = YES;
				CLANG_WARN_UNGUARDED_AVAILABILITY = YES_AGGRESSIVE;
				CLANG_WARN_UNREACHABLE_CODE = YES;
				CLANG_WARN__DUPLICATE_METHOD_MATCH = YES;
				COPY_PHASE_STRIP = NO;
				DEBUG_INFORMATION_FORMAT = "dwarf-with-dsym";
				ENABLE_NS_ASSERTIONS = NO;
				ENABLE_STRICT_OBJC_MSGSEND = YES;
				ENABLE_USER_SCRIPT_SANDBOXING = YES;
				GCC_C_LANGUAGE_STANDARD = gnu17;
				GCC_NO_COMMON_BLOCKS = YES;
				GCC_WARN_64_TO_32_BIT_CONVERSION = YES;
				GCC_WARN_ABOUT_RETURN_TYPE = YES_ERROR;
				GCC_WARN_UNDECLARED_SELECTOR = YES;
				GCC_WARN_UNINITIALIZED_AUTOS = YES_AGGRESSIVE;
				GCC_WARN_UNUSED_FUNCTION = YES;
				GCC_WARN_UNUSED_VARIABLE = YES;
				IPHONEOS_DEPLOYMENT_TARGET = 17.2;
				LOCALIZATION_PREFERS_STRING_CATALOGS = YES;
				MTL_ENABLE_DEBUG_INFO = NO;
				MTL_FAST_MATH = YES;
				SDKROOT = iphoneos;
				VALIDATE_PRODUCT = YES;
			};
			name = Release;
		};
		C6A36A342BCBA409006A98AB /* Debug */ = {
			isa = XCBuildConfiguration;
			baseConfigurationReference = BFA538C64F4E2460A21F0AEB /* Pods-MatchPokerPatti.debug.xcconfig */;
			buildSettings = {
				ASSETCATALOG_COMPILER_APPICON_NAME = AppIcon;
				ASSETCATALOG_COMPILER_GLOBAL_ACCENT_COLOR_NAME = AccentColor;
				CODE_SIGN_STYLE = Automatic;
				CURRENT_PROJECT_VERSION = 1.2;
				ENABLE_USER_SCRIPT_SANDBOXING = NO;
				GENERATE_INFOPLIST_FILE = YES;
				INFOPLIST_FILE = MatchPokerPatti/Info.plist;
				INFOPLIST_KEY_CFBundleDisplayName = "Te Patti Kill poker";
				INFOPLIST_KEY_NSUserTrackingUsageDescription = "This identifier will be used to deliver personalized services to you";
				INFOPLIST_KEY_UIApplicationSupportsIndirectInputEvents = YES;
				INFOPLIST_KEY_UILaunchStoryboardName = LaunchScreen;
				INFOPLIST_KEY_UIMainStoryboardFile = Main;
				INFOPLIST_KEY_UISupportedInterfaceOrientations = "UIInterfaceOrientationLandscapeLeft UIInterfaceOrientationLandscapeRight";
				INFOPLIST_KEY_UISupportedInterfaceOrientations_iPad = "UIInterfaceOrientationLandscapeLeft UIInterfaceOrientationLandscapeRight UIInterfaceOrientationPortrait UIInterfaceOrientationPortraitUpsideDown";
				IPHONEOS_DEPLOYMENT_TARGET = 14.0;
				LD_RUNPATH_SEARCH_PATHS = (
					"$(inherited)",
					"@executable_path/Frameworks",
				);
				MARKETING_VERSION = 1.0;
				PRODUCT_BUNDLE_IDENTIFIER = com.tenattimatchpoker;
				PRODUCT_NAME = "$(TARGET_NAME)";
				SUPPORTED_PLATFORMS = "iphoneos iphonesimulator";
				SUPPORTS_MACCATALYST = NO;
				SWIFT_EMIT_LOC_STRINGS = YES;
				TARGETED_DEVICE_FAMILY = 1;
			};
			name = Debug;
		};
		C6A36A352BCBA409006A98AB /* Release */ = {
			isa = XCBuildConfiguration;
			baseConfigurationReference = 849245DA548ED63E206BA275 /* Pods-MatchPokerPatti.release.xcconfig */;
			buildSettings = {
				ASSETCATALOG_COMPILER_APPICON_NAME = AppIcon;
				ASSETCATALOG_COMPILER_GLOBAL_ACCENT_COLOR_NAME = AccentColor;
				CODE_SIGN_STYLE = Automatic;
				CURRENT_PROJECT_VERSION = 1.2;
				ENABLE_USER_SCRIPT_SANDBOXING = NO;
				GENERATE_INFOPLIST_FILE = YES;
				INFOPLIST_FILE = MatchPokerPatti/Info.plist;
				INFOPLIST_KEY_CFBundleDisplayName = "Te Patti Kill poker";
				INFOPLIST_KEY_NSUserTrackingUsageDescription = "This identifier will be used to deliver personalized services to you";
				INFOPLIST_KEY_UIApplicationSupportsIndirectInputEvents = YES;
				INFOPLIST_KEY_UILaunchStoryboardName = LaunchScreen;
				INFOPLIST_KEY_UIMainStoryboardFile = Main;
				INFOPLIST_KEY_UISupportedInterfaceOrientations = "UIInterfaceOrientationLandscapeLeft UIInterfaceOrientationLandscapeRight";
				INFOPLIST_KEY_UISupportedInterfaceOrientations_iPad = "UIInterfaceOrientationLandscapeLeft UIInterfaceOrientationLandscapeRight UIInterfaceOrientationPortrait UIInterfaceOrientationPortraitUpsideDown";
				IPHONEOS_DEPLOYMENT_TARGET = 14.0;
				LD_RUNPATH_SEARCH_PATHS = (
					"$(inherited)",
					"@executable_path/Frameworks",
				);
				MARKETING_VERSION = 1.0;
				PRODUCT_BUNDLE_IDENTIFIER = com.tenattimatchpoker;
				PRODUCT_NAME = "$(TARGET_NAME)";
				SUPPORTED_PLATFORMS = "iphoneos iphonesimulator";
				SUPPORTS_MACCATALYST = NO;
				SWIFT_EMIT_LOC_STRINGS = YES;
				TARGETED_DEVICE_FAMILY = 1;
			};
			name = Release;
		};
		C6A36A372BCBA409006A98AB /* Debug */ = {
			isa = XCBuildConfiguration;
			buildSettings = {
				BUNDLE_LOADER = "$(TEST_HOST)";
				CODE_SIGN_STYLE = Automatic;
				CURRENT_PROJECT_VERSION = 1;
				GENERATE_INFOPLIST_FILE = YES;
				IPHONEOS_DEPLOYMENT_TARGET = 17.2;
				MARKETING_VERSION = 1.0;
				PRODUCT_BUNDLE_IDENTIFIER = com.api.tenpoker.com.MatchPokerPattiTests;
				PRODUCT_NAME = "$(TARGET_NAME)";
				SWIFT_EMIT_LOC_STRINGS = NO;
				TARGETED_DEVICE_FAMILY = "1,2";
				TEST_HOST = "$(BUILT_PRODUCTS_DIR)/MatchPokerPatti.app/$(BUNDLE_EXECUTABLE_FOLDER_PATH)/MatchPokerPatti";
			};
			name = Debug;
		};
		C6A36A382BCBA409006A98AB /* Release */ = {
			isa = XCBuildConfiguration;
			buildSettings = {
				BUNDLE_LOADER = "$(TEST_HOST)";
				CODE_SIGN_STYLE = Automatic;
				CURRENT_PROJECT_VERSION = 1;
				GENERATE_INFOPLIST_FILE = YES;
				IPHONEOS_DEPLOYMENT_TARGET = 17.2;
				MARKETING_VERSION = 1.0;
				PRODUCT_BUNDLE_IDENTIFIER = com.api.tenpoker.com.MatchPokerPattiTests;
				PRODUCT_NAME = "$(TARGET_NAME)";
				SWIFT_EMIT_LOC_STRINGS = NO;
				TARGETED_DEVICE_FAMILY = "1,2";
				TEST_HOST = "$(BUILT_PRODUCTS_DIR)/MatchPokerPatti.app/$(BUNDLE_EXECUTABLE_FOLDER_PATH)/MatchPokerPatti";
			};
			name = Release;
		};
		C6A36A3A2BCBA409006A98AB /* Debug */ = {
			isa = XCBuildConfiguration;
			buildSettings = {
				CODE_SIGN_STYLE = Automatic;
				CURRENT_PROJECT_VERSION = 1;
				GENERATE_INFOPLIST_FILE = YES;
				MARKETING_VERSION = 1.0;
				PRODUCT_BUNDLE_IDENTIFIER = com.api.tenpoker.com.MatchPokerPattiUITests;
				PRODUCT_NAME = "$(TARGET_NAME)";
				SWIFT_EMIT_LOC_STRINGS = NO;
				TARGETED_DEVICE_FAMILY = "1,2";
				TEST_TARGET_NAME = MatchPokerPatti;
			};
			name = Debug;
		};
		C6A36A3B2BCBA409006A98AB /* Release */ = {
			isa = XCBuildConfiguration;
			buildSettings = {
				CODE_SIGN_STYLE = Automatic;
				CURRENT_PROJECT_VERSION = 1;
				GENERATE_INFOPLIST_FILE = YES;
				MARKETING_VERSION = 1.0;
				PRODUCT_BUNDLE_IDENTIFIER = com.api.tenpoker.com.MatchPokerPattiUITests;
				PRODUCT_NAME = "$(TARGET_NAME)";
				SWIFT_EMIT_LOC_STRINGS = NO;
				TARGETED_DEVICE_FAMILY = "1,2";
				TEST_TARGET_NAME = MatchPokerPatti;
			};
			name = Release;
		};
/* End XCBuildConfiguration section */

/* Begin XCConfigurationList section */
		C6A369FF2BCBA406006A98AB /* Build configuration list for PBXProject "MatchPokerPatti" */ = {
			isa = XCConfigurationList;
			buildConfigurations = (
				C6A36A312BCBA409006A98AB /* Debug */,
				C6A36A322BCBA409006A98AB /* Release */,
			);
			defaultConfigurationIsVisible = 0;
			defaultConfigurationName = Release;
		};
		C6A36A332BCBA409006A98AB /* Build configuration list for PBXNativeTarget "MatchPokerPatti" */ = {
			isa = XCConfigurationList;
			buildConfigurations = (
				C6A36A342BCBA409006A98AB /* Debug */,
				C6A36A352BCBA409006A98AB /* Release */,
			);
			defaultConfigurationIsVisible = 0;
			defaultConfigurationName = Release;
		};
		C6A36A362BCBA409006A98AB /* Build configuration list for PBXNativeTarget "MatchPokerPattiTests" */ = {
			isa = XCConfigurationList;
			buildConfigurations = (
				C6A36A372BCBA409006A98AB /* Debug */,
				C6A36A382BCBA409006A98AB /* Release */,
			);
			defaultConfigurationIsVisible = 0;
			defaultConfigurationName = Release;
		};
		C6A36A392BCBA409006A98AB /* Build configuration list for PBXNativeTarget "MatchPokerPattiUITests" */ = {
			isa = XCConfigurationList;
			buildConfigurations = (
				C6A36A3A2BCBA409006A98AB /* Debug */,
				C6A36A3B2BCBA409006A98AB /* Release */,
			);
			defaultConfigurationIsVisible = 0;
			defaultConfigurationName = Release;
		};
/* End XCConfigurationList section */
	};
	rootObject = C6A369FC2BCBA406006A98AB /* Project object */;
}
