// !$*UTF8*$!
{
	archiveVersion = 1;
	classes = {
	};
	objectVersion = 56;
	objects = {

/* Begin PBXBuildFile section */
		425C21DFA52ED35C62C3D2EF /* Pods_HomeRummygames.framework in Frameworks */ = {isa = PBXBuildFile; fileRef = 6637632EDC56CCEBBAD95A55 /* Pods_HomeRummygames.framework */; };
		C6AC75332C1A88880028665D /* AppDelegate.m in Sources */ = {isa = PBXBuildFile; fileRef = C6AC75322C1A88880028665D /* AppDelegate.m */; };
		C6AC753C2C1A88880028665D /* Main.storyboard in Resources */ = {isa = PBXBuildFile; fileRef = C6AC753A2C1A88880028665D /* Main.storyboard */; };
		C6AC753E2C1A888B0028665D /* Assets.xcassets in Resources */ = {isa = PBXBuildFile; fileRef = C6AC753D2C1A888B0028665D /* Assets.xcassets */; };
		C6AC75412C1A888B0028665D /* LaunchScreen.storyboard in Resources */ = {isa = PBXBuildFile; fileRef = C6AC753F2C1A888B0028665D /* LaunchScreen.storyboard */; };
		C6AC75442C1A888B0028665D /* main.m in Sources */ = {isa = PBXBuildFile; fileRef = C6AC75432C1A888B0028665D /* main.m */; };
		C6AC754E2C1A888C0028665D /* HomeRummygamesTests.m in Sources */ = {isa = PBXBuildFile; fileRef = C6AC754D2C1A888C0028665D /* HomeRummygamesTests.m */; };
		C6AC75582C1A888C0028665D /* HomeRummygamesUITests.m in Sources */ = {isa = PBXBuildFile; fileRef = C6AC75572C1A888C0028665D /* HomeRummygamesUITests.m */; };
		C6AC755A2C1A888C0028665D /* HomeRummygamesUITestsLaunchTests.m in Sources */ = {isa = PBXBuildFile; fileRef = C6AC75592C1A888C0028665D /* HomeRummygamesUITestsLaunchTests.m */; };
		C6AC756A2C1A8CC90028665D /* ViewController.m in Sources */ = {isa = PBXBuildFile; fileRef = C6AC75682C1A8CC90028665D /* ViewController.m */; };
		C6AC756B2C1A8CC90028665D /* ViewController.xib in Resources */ = {isa = PBXBuildFile; fileRef = C6AC75692C1A8CC90028665D /* ViewController.xib */; };
		C6AC756F2C1A8D890028665D /* RumViewController.m in Sources */ = {isa = PBXBuildFile; fileRef = C6AC756D2C1A8D890028665D /* RumViewController.m */; };
		C6AC75702C1A8D890028665D /* RumViewController.xib in Resources */ = {isa = PBXBuildFile; fileRef = C6AC756E2C1A8D890028665D /* RumViewController.xib */; };
		C6AC75A82C22C4600028665D /* CardButton.m in Sources */ = {isa = PBXBuildFile; fileRef = C6AC75A72C22C4600028665D /* CardButton.m */; };
		C6AC75AB2C240ED70028665D /* Card.m in Sources */ = {isa = PBXBuildFile; fileRef = C6AC75AA2C240ED70028665D /* Card.m */; };
		C6AC75AE2C240F010028665D /* Deck.m in Sources */ = {isa = PBXBuildFile; fileRef = C6AC75AD2C240F010028665D /* Deck.m */; };
		C6AC75B22C295C1A0028665D /* GameGuiViewController.m in Sources */ = {isa = PBXBuildFile; fileRef = C6AC75B02C295C1A0028665D /* GameGuiViewController.m */; };
		C6AC75B32C295C1A0028665D /* GameGuiViewController.xib in Resources */ = {isa = PBXBuildFile; fileRef = C6AC75B12C295C1A0028665D /* GameGuiViewController.xib */; };
/* End PBXBuildFile section */

/* Begin PBXContainerItemProxy section */
		C6AC754A2C1A888C0028665D /* PBXContainerItemProxy */ = {
			isa = PBXContainerItemProxy;
			containerPortal = C6AC75262C1A88880028665D /* Project object */;
			proxyType = 1;
			remoteGlobalIDString = C6AC752D2C1A88880028665D;
			remoteInfo = HomeRummygames;
		};
		C6AC75542C1A888C0028665D /* PBXContainerItemProxy */ = {
			isa = PBXContainerItemProxy;
			containerPortal = C6AC75262C1A88880028665D /* Project object */;
			proxyType = 1;
			remoteGlobalIDString = C6AC752D2C1A88880028665D;
			remoteInfo = HomeRummygames;
		};
/* End PBXContainerItemProxy section */

/* Begin PBXFileReference section */
		54C4CBBF7A477437CF87D0F3 /* Pods-HomeRummygames.debug.xcconfig */ = {isa = PBXFileReference; includeInIndex = 1; lastKnownFileType = text.xcconfig; name = "Pods-HomeRummygames.debug.xcconfig"; path = "Target Support Files/Pods-HomeRummygames/Pods-HomeRummygames.debug.xcconfig"; sourceTree = "<group>"; };
		6637632EDC56CCEBBAD95A55 /* Pods_HomeRummygames.framework */ = {isa = PBXFileReference; explicitFileType = wrapper.framework; includeInIndex = 0; path = Pods_HomeRummygames.framework; sourceTree = BUILT_PRODUCTS_DIR; };
		C6AC752E2C1A88880028665D /* HomeRummygames.app */ = {isa = PBXFileReference; explicitFileType = wrapper.application; includeInIndex = 0; path = HomeRummygames.app; sourceTree = BUILT_PRODUCTS_DIR; };
		C6AC75312C1A88880028665D /* AppDelegate.h */ = {isa = PBXFileReference; lastKnownFileType = sourcecode.c.h; path = AppDelegate.h; sourceTree = "<group>"; };
		C6AC75322C1A88880028665D /* AppDelegate.m */ = {isa = PBXFileReference; lastKnownFileType = sourcecode.c.objc; path = AppDelegate.m; sourceTree = "<group>"; };
		C6AC753B2C1A88880028665D /* Base */ = {isa = PBXFileReference; lastKnownFileType = file.storyboard; name = Base; path = Base.lproj/Main.storyboard; sourceTree = "<group>"; };
		C6AC753D2C1A888B0028665D /* Assets.xcassets */ = {isa = PBXFileReference; lastKnownFileType = folder.assetcatalog; path = Assets.xcassets; sourceTree = "<group>"; };
		C6AC75402C1A888B0028665D /* Base */ = {isa = PBXFileReference; lastKnownFileType = file.storyboard; name = Base; path = Base.lproj/LaunchScreen.storyboard; sourceTree = "<group>"; };
		C6AC75422C1A888B0028665D /* Info.plist */ = {isa = PBXFileReference; lastKnownFileType = text.plist.xml; path = Info.plist; sourceTree = "<group>"; };
		C6AC75432C1A888B0028665D /* main.m */ = {isa = PBXFileReference; lastKnownFileType = sourcecode.c.objc; path = main.m; sourceTree = "<group>"; };
		C6AC75492C1A888C0028665D /* HomeRummygamesTests.xctest */ = {isa = PBXFileReference; explicitFileType = wrapper.cfbundle; includeInIndex = 0; path = HomeRummygamesTests.xctest; sourceTree = BUILT_PRODUCTS_DIR; };
		C6AC754D2C1A888C0028665D /* HomeRummygamesTests.m */ = {isa = PBXFileReference; lastKnownFileType = sourcecode.c.objc; path = HomeRummygamesTests.m; sourceTree = "<group>"; };
		C6AC75532C1A888C0028665D /* HomeRummygamesUITests.xctest */ = {isa = PBXFileReference; explicitFileType = wrapper.cfbundle; includeInIndex = 0; path = HomeRummygamesUITests.xctest; sourceTree = BUILT_PRODUCTS_DIR; };
		C6AC75572C1A888C0028665D /* HomeRummygamesUITests.m */ = {isa = PBXFileReference; lastKnownFileType = sourcecode.c.objc; path = HomeRummygamesUITests.m; sourceTree = "<group>"; };
		C6AC75592C1A888C0028665D /* HomeRummygamesUITestsLaunchTests.m */ = {isa = PBXFileReference; lastKnownFileType = sourcecode.c.objc; path = HomeRummygamesUITestsLaunchTests.m; sourceTree = "<group>"; };
		C6AC75672C1A8CC90028665D /* ViewController.h */ = {isa = PBXFileReference; lastKnownFileType = sourcecode.c.h; path = ViewController.h; sourceTree = "<group>"; };
		C6AC75682C1A8CC90028665D /* ViewController.m */ = {isa = PBXFileReference; lastKnownFileType = sourcecode.c.objc; path = ViewController.m; sourceTree = "<group>"; };
		C6AC75692C1A8CC90028665D /* ViewController.xib */ = {isa = PBXFileReference; lastKnownFileType = file.xib; path = ViewController.xib; sourceTree = "<group>"; };
		C6AC756C2C1A8D890028665D /* RumViewController.h */ = {isa = PBXFileReference; lastKnownFileType = sourcecode.c.h; path = RumViewController.h; sourceTree = "<group>"; };
		C6AC756D2C1A8D890028665D /* RumViewController.m */ = {isa = PBXFileReference; lastKnownFileType = sourcecode.c.objc; path = RumViewController.m; sourceTree = "<group>"; };
		C6AC756E2C1A8D890028665D /* RumViewController.xib */ = {isa = PBXFileReference; lastKnownFileType = file.xib; path = RumViewController.xib; sourceTree = "<group>"; };
		C6AC75A62C22C4600028665D /* CardButton.h */ = {isa = PBXFileReference; lastKnownFileType = sourcecode.c.h; path = CardButton.h; sourceTree = "<group>"; };
		C6AC75A72C22C4600028665D /* CardButton.m */ = {isa = PBXFileReference; lastKnownFileType = sourcecode.c.objc; path = CardButton.m; sourceTree = "<group>"; };
		C6AC75A92C240ED70028665D /* Card.h */ = {isa = PBXFileReference; lastKnownFileType = sourcecode.c.h; path = Card.h; sourceTree = "<group>"; };
		C6AC75AA2C240ED70028665D /* Card.m */ = {isa = PBXFileReference; lastKnownFileType = sourcecode.c.objc; path = Card.m; sourceTree = "<group>"; };
		C6AC75AC2C240F010028665D /* Deck.h */ = {isa = PBXFileReference; lastKnownFileType = sourcecode.c.h; path = Deck.h; sourceTree = "<group>"; };
		C6AC75AD2C240F010028665D /* Deck.m */ = {isa = PBXFileReference; lastKnownFileType = sourcecode.c.objc; path = Deck.m; sourceTree = "<group>"; };
		C6AC75AF2C295C1A0028665D /* GameGuiViewController.h */ = {isa = PBXFileReference; lastKnownFileType = sourcecode.c.h; path = GameGuiViewController.h; sourceTree = "<group>"; };
		C6AC75B02C295C1A0028665D /* GameGuiViewController.m */ = {isa = PBXFileReference; lastKnownFileType = sourcecode.c.objc; path = GameGuiViewController.m; sourceTree = "<group>"; };
		C6AC75B12C295C1A0028665D /* GameGuiViewController.xib */ = {isa = PBXFileReference; lastKnownFileType = file.xib; path = GameGuiViewController.xib; sourceTree = "<group>"; };
		F6E803535E385714FD45283A /* Pods-HomeRummygames.release.xcconfig */ = {isa = PBXFileReference; includeInIndex = 1; lastKnownFileType = text.xcconfig; name = "Pods-HomeRummygames.release.xcconfig"; path = "Target Support Files/Pods-HomeRummygames/Pods-HomeRummygames.release.xcconfig"; sourceTree = "<group>"; };
/* End PBXFileReference section */

/* Begin PBXFrameworksBuildPhase section */
		C6AC752B2C1A88880028665D /* Frameworks */ = {
			isa = PBXFrameworksBuildPhase;
			buildActionMask = 2147483647;
			files = (
				425C21DFA52ED35C62C3D2EF /* Pods_HomeRummygames.framework in Frameworks */,
			);
			runOnlyForDeploymentPostprocessing = 0;
		};
		C6AC75462C1A888C0028665D /* Frameworks */ = {
			isa = PBXFrameworksBuildPhase;
			buildActionMask = 2147483647;
			files = (
			);
			runOnlyForDeploymentPostprocessing = 0;
		};
		C6AC75502C1A888C0028665D /* Frameworks */ = {
			isa = PBXFrameworksBuildPhase;
			buildActionMask = 2147483647;
			files = (
			);
			runOnlyForDeploymentPostprocessing = 0;
		};
/* End PBXFrameworksBuildPhase section */

/* Begin PBXGroup section */
		75AB122DE6449D8B0AB0983D /* Pods */ = {
			isa = PBXGroup;
			children = (
				54C4CBBF7A477437CF87D0F3 /* Pods-HomeRummygames.debug.xcconfig */,
				F6E803535E385714FD45283A /* Pods-HomeRummygames.release.xcconfig */,
			);
			path = Pods;
			sourceTree = "<group>";
		};
		C6AC75252C1A88880028665D = {
			isa = PBXGroup;
			children = (
				C6AC75302C1A88880028665D /* HomeRummygames */,
				C6AC754C2C1A888C0028665D /* HomeRummygamesTests */,
				C6AC75562C1A888C0028665D /* HomeRummygamesUITests */,
				C6AC752F2C1A88880028665D /* Products */,
				75AB122DE6449D8B0AB0983D /* Pods */,
				D5105E61F9F8DCBDF8A11402 /* Frameworks */,
			);
			sourceTree = "<group>";
		};
		C6AC752F2C1A88880028665D /* Products */ = {
			isa = PBXGroup;
			children = (
				C6AC752E2C1A88880028665D /* HomeRummygames.app */,
				C6AC75492C1A888C0028665D /* HomeRummygamesTests.xctest */,
				C6AC75532C1A888C0028665D /* HomeRummygamesUITests.xctest */,
			);
			name = Products;
			sourceTree = "<group>";
		};
		C6AC75302C1A88880028665D /* HomeRummygames */ = {
			isa = PBXGroup;
			children = (
				C6AC75312C1A88880028665D /* AppDelegate.h */,
				C6AC75322C1A88880028665D /* AppDelegate.m */,
				C6AC753A2C1A88880028665D /* Main.storyboard */,
				C6AC753D2C1A888B0028665D /* Assets.xcassets */,
				C6AC753F2C1A888B0028665D /* LaunchScreen.storyboard */,
				C6AC75422C1A888B0028665D /* Info.plist */,
				C6AC75432C1A888B0028665D /* main.m */,
				C6AC75672C1A8CC90028665D /* ViewController.h */,
				C6AC75682C1A8CC90028665D /* ViewController.m */,
				C6AC75692C1A8CC90028665D /* ViewController.xib */,
				C6AC756C2C1A8D890028665D /* RumViewController.h */,
				C6AC756D2C1A8D890028665D /* RumViewController.m */,
				C6AC756E2C1A8D890028665D /* RumViewController.xib */,
				C6AC75A62C22C4600028665D /* CardButton.h */,
				C6AC75A72C22C4600028665D /* CardButton.m */,
				C6AC75A92C240ED70028665D /* Card.h */,
				C6AC75AA2C240ED70028665D /* Card.m */,
				C6AC75AC2C240F010028665D /* Deck.h */,
				C6AC75AD2C240F010028665D /* Deck.m */,
				C6AC75AF2C295C1A0028665D /* GameGuiViewController.h */,
				C6AC75B02C295C1A0028665D /* GameGuiViewController.m */,
				C6AC75B12C295C1A0028665D /* GameGuiViewController.xib */,
			);
			path = HomeRummygames;
			sourceTree = "<group>";
		};
		C6AC754C2C1A888C0028665D /* HomeRummygamesTests */ = {
			isa = PBXGroup;
			children = (
				C6AC754D2C1A888C0028665D /* HomeRummygamesTests.m */,
			);
			path = HomeRummygamesTests;
			sourceTree = "<group>";
		};
		C6AC75562C1A888C0028665D /* HomeRummygamesUITests */ = {
			isa = PBXGroup;
			children = (
				C6AC75572C1A888C0028665D /* HomeRummygamesUITests.m */,
				C6AC75592C1A888C0028665D /* HomeRummygamesUITestsLaunchTests.m */,
			);
			path = HomeRummygamesUITests;
			sourceTree = "<group>";
		};
		D5105E61F9F8DCBDF8A11402 /* Frameworks */ = {
			isa = PBXGroup;
			children = (
				6637632EDC56CCEBBAD95A55 /* Pods_HomeRummygames.framework */,
			);
			name = Frameworks;
			sourceTree = "<group>";
		};
/* End PBXGroup section */

/* Begin PBXNativeTarget section */
		C6AC752D2C1A88880028665D /* HomeRummygames */ = {
			isa = PBXNativeTarget;
			buildConfigurationList = C6AC755D2C1A888C0028665D /* Build configuration list for PBXNativeTarget "HomeRummygames" */;
			buildPhases = (
				9BDF376587FAF9651C03A6FA /* [CP] Check Pods Manifest.lock */,
				C6AC752A2C1A88880028665D /* Sources */,
				C6AC752B2C1A88880028665D /* Frameworks */,
				C6AC752C2C1A88880028665D /* Resources */,
				4A4A1019963894BD8467BC6A /* [CP] Embed Pods Frameworks */,
			);
			buildRules = (
			);
			dependencies = (
			);
			name = HomeRummygames;
			productName = HomeRummygames;
			productReference = C6AC752E2C1A88880028665D /* HomeRummygames.app */;
			productType = "com.apple.product-type.application";
		};
		C6AC75482C1A888C0028665D /* HomeRummygamesTests */ = {
			isa = PBXNativeTarget;
			buildConfigurationList = C6AC75602C1A888C0028665D /* Build configuration list for PBXNativeTarget "HomeRummygamesTests" */;
			buildPhases = (
				C6AC75452C1A888C0028665D /* Sources */,
				C6AC75462C1A888C0028665D /* Frameworks */,
				C6AC75472C1A888C0028665D /* Resources */,
			);
			buildRules = (
			);
			dependencies = (
				C6AC754B2C1A888C0028665D /* PBXTargetDependency */,
			);
			name = HomeRummygamesTests;
			productName = HomeRummygamesTests;
			productReference = C6AC75492C1A888C0028665D /* HomeRummygamesTests.xctest */;
			productType = "com.apple.product-type.bundle.unit-test";
		};
		C6AC75522C1A888C0028665D /* HomeRummygamesUITests */ = {
			isa = PBXNativeTarget;
			buildConfigurationList = C6AC75632C1A888C0028665D /* Build configuration list for PBXNativeTarget "HomeRummygamesUITests" */;
			buildPhases = (
				C6AC754F2C1A888C0028665D /* Sources */,
				C6AC75502C1A888C0028665D /* Frameworks */,
				C6AC75512C1A888C0028665D /* Resources */,
			);
			buildRules = (
			);
			dependencies = (
				C6AC75552C1A888C0028665D /* PBXTargetDependency */,
			);
			name = HomeRummygamesUITests;
			productName = HomeRummygamesUITests;
			productReference = C6AC75532C1A888C0028665D /* HomeRummygamesUITests.xctest */;
			productType = "com.apple.product-type.bundle.ui-testing";
		};
/* End PBXNativeTarget section */

/* Begin PBXProject section */
		C6AC75262C1A88880028665D /* Project object */ = {
			isa = PBXProject;
			attributes = {
				BuildIndependentTargetsInParallel = 1;
				LastUpgradeCheck = 1520;
				TargetAttributes = {
					C6AC752D2C1A88880028665D = {
						CreatedOnToolsVersion = 15.2;
					};
					C6AC75482C1A888C0028665D = {
						CreatedOnToolsVersion = 15.2;
						TestTargetID = C6AC752D2C1A88880028665D;
					};
					C6AC75522C1A888C0028665D = {
						CreatedOnToolsVersion = 15.2;
						TestTargetID = C6AC752D2C1A88880028665D;
					};
				};
			};
			buildConfigurationList = C6AC75292C1A88880028665D /* Build configuration list for PBXProject "HomeRummygames" */;
			compatibilityVersion = "Xcode 14.0";
			developmentRegion = en;
			hasScannedForEncodings = 0;
			knownRegions = (
				en,
				Base,
			);
			mainGroup = C6AC75252C1A88880028665D;
			productRefGroup = C6AC752F2C1A88880028665D /* Products */;
			projectDirPath = "";
			projectRoot = "";
			targets = (
				C6AC752D2C1A88880028665D /* HomeRummygames */,
				C6AC75482C1A888C0028665D /* HomeRummygamesTests */,
				C6AC75522C1A888C0028665D /* HomeRummygamesUITests */,
			);
		};
/* End PBXProject section */

/* Begin PBXResourcesBuildPhase section */
		C6AC752C2C1A88880028665D /* Resources */ = {
			isa = PBXResourcesBuildPhase;
			buildActionMask = 2147483647;
			files = (
				C6AC75B32C295C1A0028665D /* GameGuiViewController.xib in Resources */,
				C6AC75412C1A888B0028665D /* LaunchScreen.storyboard in Resources */,
				C6AC753E2C1A888B0028665D /* Assets.xcassets in Resources */,
				C6AC756B2C1A8CC90028665D /* ViewController.xib in Resources */,
				C6AC75702C1A8D890028665D /* RumViewController.xib in Resources */,
				C6AC753C2C1A88880028665D /* Main.storyboard in Resources */,
			);
			runOnlyForDeploymentPostprocessing = 0;
		};
		C6AC75472C1A888C0028665D /* Resources */ = {
			isa = PBXResourcesBuildPhase;
			buildActionMask = 2147483647;
			files = (
			);
			runOnlyForDeploymentPostprocessing = 0;
		};
		C6AC75512C1A888C0028665D /* Resources */ = {
			isa = PBXResourcesBuildPhase;
			buildActionMask = 2147483647;
			files = (
			);
			runOnlyForDeploymentPostprocessing = 0;
		};
/* End PBXResourcesBuildPhase section */

/* Begin PBXShellScriptBuildPhase section */
		4A4A1019963894BD8467BC6A /* [CP] Embed Pods Frameworks */ = {
			isa = PBXShellScriptBuildPhase;
			buildActionMask = 2147483647;
			files = (
			);
			inputFileListPaths = (
				"${PODS_ROOT}/Target Support Files/Pods-HomeRummygames/Pods-HomeRummygames-frameworks-${CONFIGURATION}-input-files.xcfilelist",
			);
			name = "[CP] Embed Pods Frameworks";
			outputFileListPaths = (
				"${PODS_ROOT}/Target Support Files/Pods-HomeRummygames/Pods-HomeRummygames-frameworks-${CONFIGURATION}-output-files.xcfilelist",
			);
			runOnlyForDeploymentPostprocessing = 0;
			shellPath = /bin/sh;
			shellScript = "\"${PODS_ROOT}/Target Support Files/Pods-HomeRummygames/Pods-HomeRummygames-frameworks.sh\"\n";
			showEnvVarsInLog = 0;
		};
		9BDF376587FAF9651C03A6FA /* [CP] Check Pods Manifest.lock */ = {
			isa = PBXShellScriptBuildPhase;
			buildActionMask = 2147483647;
			files = (
			);
			inputFileListPaths = (
			);
			inputPaths = (
				"${PODS_PODFILE_DIR_PATH}/Podfile.lock",
				"${PODS_ROOT}/Manifest.lock",
			);
			name = "[CP] Check Pods Manifest.lock";
			outputFileListPaths = (
			);
			outputPaths = (
				"$(DERIVED_FILE_DIR)/Pods-HomeRummygames-checkManifestLockResult.txt",
			);
			runOnlyForDeploymentPostprocessing = 0;
			shellPath = /bin/sh;
			shellScript = "diff \"${PODS_PODFILE_DIR_PATH}/Podfile.lock\" \"${PODS_ROOT}/Manifest.lock\" > /dev/null\nif [ $? != 0 ] ; then\n    # print error to STDERR\n    echo \"error: The sandbox is not in sync with the Podfile.lock. Run 'pod install' or update your CocoaPods installation.\" >&2\n    exit 1\nfi\n# This output is used by Xcode 'outputs' to avoid re-running this script phase.\necho \"SUCCESS\" > \"${SCRIPT_OUTPUT_FILE_0}\"\n";
			showEnvVarsInLog = 0;
		};
/* End PBXShellScriptBuildPhase section */

/* Begin PBXSourcesBuildPhase section */
		C6AC752A2C1A88880028665D /* Sources */ = {
			isa = PBXSourcesBuildPhase;
			buildActionMask = 2147483647;
			files = (
				C6AC75B22C295C1A0028665D /* GameGuiViewController.m in Sources */,
				C6AC756A2C1A8CC90028665D /* ViewController.m in Sources */,
				C6AC75AE2C240F010028665D /* Deck.m in Sources */,
				C6AC756F2C1A8D890028665D /* RumViewController.m in Sources */,
				C6AC75332C1A88880028665D /* AppDelegate.m in Sources */,
				C6AC75A82C22C4600028665D /* CardButton.m in Sources */,
				C6AC75442C1A888B0028665D /* main.m in Sources */,
				C6AC75AB2C240ED70028665D /* Card.m in Sources */,
			);
			runOnlyForDeploymentPostprocessing = 0;
		};
		C6AC75452C1A888C0028665D /* Sources */ = {
			isa = PBXSourcesBuildPhase;
			buildActionMask = 2147483647;
			files = (
				C6AC754E2C1A888C0028665D /* HomeRummygamesTests.m in Sources */,
			);
			runOnlyForDeploymentPostprocessing = 0;
		};
		C6AC754F2C1A888C0028665D /* Sources */ = {
			isa = PBXSourcesBuildPhase;
			buildActionMask = 2147483647;
			files = (
				C6AC755A2C1A888C0028665D /* HomeRummygamesUITestsLaunchTests.m in Sources */,
				C6AC75582C1A888C0028665D /* HomeRummygamesUITests.m in Sources */,
			);
			runOnlyForDeploymentPostprocessing = 0;
		};
/* End PBXSourcesBuildPhase section */

/* Begin PBXTargetDependency section */
		C6AC754B2C1A888C0028665D /* PBXTargetDependency */ = {
			isa = PBXTargetDependency;
			target = C6AC752D2C1A88880028665D /* HomeRummygames */;
			targetProxy = C6AC754A2C1A888C0028665D /* PBXContainerItemProxy */;
		};
		C6AC75552C1A888C0028665D /* PBXTargetDependency */ = {
			isa = PBXTargetDependency;
			target = C6AC752D2C1A88880028665D /* HomeRummygames */;
			targetProxy = C6AC75542C1A888C0028665D /* PBXContainerItemProxy */;
		};
/* End PBXTargetDependency section */

/* Begin PBXVariantGroup section */
		C6AC753A2C1A88880028665D /* Main.storyboard */ = {
			isa = PBXVariantGroup;
			children = (
				C6AC753B2C1A88880028665D /* Base */,
			);
			name = Main.storyboard;
			sourceTree = "<group>";
		};
		C6AC753F2C1A888B0028665D /* LaunchScreen.storyboard */ = {
			isa = PBXVariantGroup;
			children = (
				C6AC75402C1A888B0028665D /* Base */,
			);
			name = LaunchScreen.storyboard;
			sourceTree = "<group>";
		};
/* End PBXVariantGroup section */

/* Begin XCBuildConfiguration section */
		C6AC755B2C1A888C0028665D /* Debug */ = {
			isa = XCBuildConfiguration;
			buildSettings = {
				ALWAYS_SEARCH_USER_PATHS = NO;
				ASSETCATALOG_COMPILER_GENERATE_SWIFT_ASSET_SYMBOL_EXTENSIONS = YES;
				CLANG_ANALYZER_NONNULL = YES;
				CLANG_ANALYZER_NUMBER_OBJECT_CONVERSION = YES_AGGRESSIVE;
				CLANG_CXX_LANGUAGE_STANDARD = "gnu++20";
				CLANG_ENABLE_MODULES = YES;
				CLANG_ENABLE_OBJC_ARC = YES;
				CLANG_ENABLE_OBJC_WEAK = YES;
				CLANG_WARN_BLOCK_CAPTURE_AUTORELEASING = YES;
				CLANG_WARN_BOOL_CONVERSION = YES;
				CLANG_WARN_COMMA = YES;
				CLANG_WARN_CONSTANT_CONVERSION = YES;
				CLANG_WARN_DEPRECATED_OBJC_IMPLEMENTATIONS = YES;
				CLANG_WARN_DIRECT_OBJC_ISA_USAGE = YES_ERROR;
				CLANG_WARN_DOCUMENTATION_COMMENTS = YES;
				CLANG_WARN_EMPTY_BODY = YES;
				CLANG_WARN_ENUM_CONVERSION = YES;
				CLANG_WARN_INFINITE_RECURSION = YES;
				CLANG_WARN_INT_CONVERSION = YES;
				CLANG_WARN_NON_LITERAL_NULL_CONVERSION = YES;
				CLANG_WARN_OBJC_IMPLICIT_RETAIN_SELF = YES;
				CLANG_WARN_OBJC_LITERAL_CONVERSION = YES;
				CLANG_WARN_OBJC_ROOT_CLASS = YES_ERROR;
				CLANG_WARN_QUOTED_INCLUDE_IN_FRAMEWORK_HEADER = YES;
				CLANG_WARN_RANGE_LOOP_ANALYSIS = YES;
				CLANG_WARN_STRICT_PROTOTYPES = YES;
				CLANG_WARN_SUSPICIOUS_MOVE = YES;
				CLANG_WARN_UNGUARDED_AVAILABILITY = YES_AGGRESSIVE;
				CLANG_WARN_UNREACHABLE_CODE = YES;
				CLANG_WARN__DUPLICATE_METHOD_MATCH = YES;
				COPY_PHASE_STRIP = NO;
				DEBUG_INFORMATION_FORMAT = dwarf;
				ENABLE_STRICT_OBJC_MSGSEND = YES;
				ENABLE_TESTABILITY = YES;
				ENABLE_USER_SCRIPT_SANDBOXING = YES;
				GCC_C_LANGUAGE_STANDARD = gnu17;
				GCC_DYNAMIC_NO_PIC = NO;
				GCC_NO_COMMON_BLOCKS = YES;
				GCC_OPTIMIZATION_LEVEL = 0;
				GCC_PREPROCESSOR_DEFINITIONS = (
					"DEBUG=1",
					"$(inherited)",
				);
				GCC_WARN_64_TO_32_BIT_CONVERSION = YES;
				GCC_WARN_ABOUT_RETURN_TYPE = YES_ERROR;
				GCC_WARN_UNDECLARED_SELECTOR = YES;
				GCC_WARN_UNINITIALIZED_AUTOS = YES_AGGRESSIVE;
				GCC_WARN_UNUSED_FUNCTION = YES;
				GCC_WARN_UNUSED_VARIABLE = YES;
				IPHONEOS_DEPLOYMENT_TARGET = 17.2;
				LOCALIZATION_PREFERS_STRING_CATALOGS = YES;
				MTL_ENABLE_DEBUG_INFO = INCLUDE_SOURCE;
				MTL_FAST_MATH = YES;
				ONLY_ACTIVE_ARCH = YES;
				SDKROOT = iphoneos;
			};
			name = Debug;
		};
		C6AC755C2C1A888C0028665D /* Release */ = {
			isa = XCBuildConfiguration;
			buildSettings = {
				ALWAYS_SEARCH_USER_PATHS = NO;
				ASSETCATALOG_COMPILER_GENERATE_SWIFT_ASSET_SYMBOL_EXTENSIONS = YES;
				CLANG_ANALYZER_NONNULL = YES;
				CLANG_ANALYZER_NUMBER_OBJECT_CONVERSION = YES_AGGRESSIVE;
				CLANG_CXX_LANGUAGE_STANDARD = "gnu++20";
				CLANG_ENABLE_MODULES = YES;
				CLANG_ENABLE_OBJC_ARC = YES;
				CLANG_ENABLE_OBJC_WEAK = YES;
				CLANG_WARN_BLOCK_CAPTURE_AUTORELEASING = YES;
				CLANG_WARN_BOOL_CONVERSION = YES;
				CLANG_WARN_COMMA = YES;
				CLANG_WARN_CONSTANT_CONVERSION = YES;
				CLANG_WARN_DEPRECATED_OBJC_IMPLEMENTATIONS = YES;
				CLANG_WARN_DIRECT_OBJC_ISA_USAGE = YES_ERROR;
				CLANG_WARN_DOCUMENTATION_COMMENTS = YES;
				CLANG_WARN_EMPTY_BODY = YES;
				CLANG_WARN_ENUM_CONVERSION = YES;
				CLANG_WARN_INFINITE_RECURSION = YES;
				CLANG_WARN_INT_CONVERSION = YES;
				CLANG_WARN_NON_LITERAL_NULL_CONVERSION = YES;
				CLANG_WARN_OBJC_IMPLICIT_RETAIN_SELF = YES;
				CLANG_WARN_OBJC_LITERAL_CONVERSION = YES;
				CLANG_WARN_OBJC_ROOT_CLASS = YES_ERROR;
				CLANG_WARN_QUOTED_INCLUDE_IN_FRAMEWORK_HEADER = YES;
				CLANG_WARN_RANGE_LOOP_ANALYSIS = YES;
				CLANG_WARN_STRICT_PROTOTYPES = YES;
				CLANG_WARN_SUSPICIOUS_MOVE = YES;
				CLANG_WARN_UNGUARDED_AVAILABILITY = YES_AGGRESSIVE;
				CLANG_WARN_UNREACHABLE_CODE = YES;
				CLANG_WARN__DUPLICATE_METHOD_MATCH = YES;
				COPY_PHASE_STRIP = NO;
				DEBUG_INFORMATION_FORMAT = "dwarf-with-dsym";
				ENABLE_NS_ASSERTIONS = NO;
				ENABLE_STRICT_OBJC_MSGSEND = YES;
				ENABLE_USER_SCRIPT_SANDBOXING = YES;
				GCC_C_LANGUAGE_STANDARD = gnu17;
				GCC_NO_COMMON_BLOCKS = YES;
				GCC_WARN_64_TO_32_BIT_CONVERSION = YES;
				GCC_WARN_ABOUT_RETURN_TYPE = YES_ERROR;
				GCC_WARN_UNDECLARED_SELECTOR = YES;
				GCC_WARN_UNINITIALIZED_AUTOS = YES_AGGRESSIVE;
				GCC_WARN_UNUSED_FUNCTION = YES;
				GCC_WARN_UNUSED_VARIABLE = YES;
				IPHONEOS_DEPLOYMENT_TARGET = 17.2;
				LOCALIZATION_PREFERS_STRING_CATALOGS = YES;
				MTL_ENABLE_DEBUG_INFO = NO;
				MTL_FAST_MATH = YES;
				SDKROOT = iphoneos;
				VALIDATE_PRODUCT = YES;
			};
			name = Release;
		};
		C6AC755E2C1A888C0028665D /* Debug */ = {
			isa = XCBuildConfiguration;
			baseConfigurationReference = 54C4CBBF7A477437CF87D0F3 /* Pods-HomeRummygames.debug.xcconfig */;
			buildSettings = {
				ASSETCATALOG_COMPILER_APPICON_NAME = AppIcon;
				ASSETCATALOG_COMPILER_GLOBAL_ACCENT_COLOR_NAME = AccentColor;
				CODE_SIGN_STYLE = Manual;
				CURRENT_PROJECT_VERSION = 1.1;
				DEVELOPMENT_TEAM = "";
				ENABLE_USER_SCRIPT_SANDBOXING = NO;
				GENERATE_INFOPLIST_FILE = YES;
				INFOPLIST_FILE = HomeRummygames/Info.plist;
				INFOPLIST_KEY_CFBundleDisplayName = "Teen Patti Suit Card";
				INFOPLIST_KEY_NSUserTrackingUsageDescription = "This identifier will be used to deliver personalized services to you";
				INFOPLIST_KEY_UIApplicationSupportsIndirectInputEvents = YES;
				INFOPLIST_KEY_UILaunchStoryboardName = LaunchScreen;
				INFOPLIST_KEY_UIMainStoryboardFile = Main;
				INFOPLIST_KEY_UISupportedInterfaceOrientations = "UIInterfaceOrientationLandscapeLeft UIInterfaceOrientationLandscapeRight";
				INFOPLIST_KEY_UISupportedInterfaceOrientations_iPad = "UIInterfaceOrientationLandscapeLeft UIInterfaceOrientationLandscapeRight UIInterfaceOrientationPortrait UIInterfaceOrientationPortraitUpsideDown";
				IPHONEOS_DEPLOYMENT_TARGET = 14.0;
				LD_RUNPATH_SEARCH_PATHS = (
					"$(inherited)",
					"@executable_path/Frameworks",
				);
				MARKETING_VERSION = 1.0;
				PRODUCT_BUNDLE_IDENTIFIER = com.number.Home;
				PRODUCT_NAME = "$(TARGET_NAME)";
				PROVISIONING_PROFILE_SPECIFIER = "";
				SUPPORTED_PLATFORMS = "iphoneos iphonesimulator";
				SUPPORTS_MACCATALYST = NO;
				SWIFT_EMIT_LOC_STRINGS = YES;
				TARGETED_DEVICE_FAMILY = 1;
			};
			name = Debug;
		};
		C6AC755F2C1A888C0028665D /* Release */ = {
			isa = XCBuildConfiguration;
			baseConfigurationReference = F6E803535E385714FD45283A /* Pods-HomeRummygames.release.xcconfig */;
			buildSettings = {
				ASSETCATALOG_COMPILER_APPICON_NAME = AppIcon;
				ASSETCATALOG_COMPILER_GLOBAL_ACCENT_COLOR_NAME = AccentColor;
				CODE_SIGN_STYLE = Manual;
				CURRENT_PROJECT_VERSION = 1.1;
				DEVELOPMENT_TEAM = "";
				ENABLE_USER_SCRIPT_SANDBOXING = NO;
				GENERATE_INFOPLIST_FILE = YES;
				INFOPLIST_FILE = HomeRummygames/Info.plist;
				INFOPLIST_KEY_CFBundleDisplayName = "Teen Patti Suit Card";
				INFOPLIST_KEY_NSUserTrackingUsageDescription = "This identifier will be used to deliver personalized services to you";
				INFOPLIST_KEY_UIApplicationSupportsIndirectInputEvents = YES;
				INFOPLIST_KEY_UILaunchStoryboardName = LaunchScreen;
				INFOPLIST_KEY_UIMainStoryboardFile = Main;
				INFOPLIST_KEY_UISupportedInterfaceOrientations = "UIInterfaceOrientationLandscapeLeft UIInterfaceOrientationLandscapeRight";
				INFOPLIST_KEY_UISupportedInterfaceOrientations_iPad = "UIInterfaceOrientationLandscapeLeft UIInterfaceOrientationLandscapeRight UIInterfaceOrientationPortrait UIInterfaceOrientationPortraitUpsideDown";
				IPHONEOS_DEPLOYMENT_TARGET = 14.0;
				LD_RUNPATH_SEARCH_PATHS = (
					"$(inherited)",
					"@executable_path/Frameworks",
				);
				MARKETING_VERSION = 1.0;
				PRODUCT_BUNDLE_IDENTIFIER = com.number.Home;
				PRODUCT_NAME = "$(TARGET_NAME)";
				PROVISIONING_PROFILE_SPECIFIER = "";
				SUPPORTED_PLATFORMS = "iphoneos iphonesimulator";
				SUPPORTS_MACCATALYST = NO;
				SWIFT_EMIT_LOC_STRINGS = YES;
				TARGETED_DEVICE_FAMILY = 1;
			};
			name = Release;
		};
		C6AC75612C1A888C0028665D /* Debug */ = {
			isa = XCBuildConfiguration;
			buildSettings = {
				BUNDLE_LOADER = "$(TEST_HOST)";
				CODE_SIGN_STYLE = Automatic;
				CURRENT_PROJECT_VERSION = 1;
				GENERATE_INFOPLIST_FILE = YES;
				IPHONEOS_DEPLOYMENT_TARGET = 17.2;
				MARKETING_VERSION = 1.0;
				PRODUCT_BUNDLE_IDENTIFIER = com.fupattzj.number.HomeRummygamesTests;
				PRODUCT_NAME = "$(TARGET_NAME)";
				SWIFT_EMIT_LOC_STRINGS = NO;
				TARGETED_DEVICE_FAMILY = "1,2";
				TEST_HOST = "$(BUILT_PRODUCTS_DIR)/HomeRummygames.app/$(BUNDLE_EXECUTABLE_FOLDER_PATH)/HomeRummygames";
			};
			name = Debug;
		};
		C6AC75622C1A888C0028665D /* Release */ = {
			isa = XCBuildConfiguration;
			buildSettings = {
				BUNDLE_LOADER = "$(TEST_HOST)";
				CODE_SIGN_STYLE = Automatic;
				CURRENT_PROJECT_VERSION = 1;
				GENERATE_INFOPLIST_FILE = YES;
				IPHONEOS_DEPLOYMENT_TARGET = 17.2;
				MARKETING_VERSION = 1.0;
				PRODUCT_BUNDLE_IDENTIFIER = com.fupattzj.number.HomeRummygamesTests;
				PRODUCT_NAME = "$(TARGET_NAME)";
				SWIFT_EMIT_LOC_STRINGS = NO;
				TARGETED_DEVICE_FAMILY = "1,2";
				TEST_HOST = "$(BUILT_PRODUCTS_DIR)/HomeRummygames.app/$(BUNDLE_EXECUTABLE_FOLDER_PATH)/HomeRummygames";
			};
			name = Release;
		};
		C6AC75642C1A888C0028665D /* Debug */ = {
			isa = XCBuildConfiguration;
			buildSettings = {
				CODE_SIGN_STYLE = Automatic;
				CURRENT_PROJECT_VERSION = 1;
				GENERATE_INFOPLIST_FILE = YES;
				MARKETING_VERSION = 1.0;
				PRODUCT_BUNDLE_IDENTIFIER = com.fupattzj.number.HomeRummygamesUITests;
				PRODUCT_NAME = "$(TARGET_NAME)";
				SWIFT_EMIT_LOC_STRINGS = NO;
				TARGETED_DEVICE_FAMILY = "1,2";
				TEST_TARGET_NAME = HomeRummygames;
			};
			name = Debug;
		};
		C6AC75652C1A888C0028665D /* Release */ = {
			isa = XCBuildConfiguration;
			buildSettings = {
				CODE_SIGN_STYLE = Automatic;
				CURRENT_PROJECT_VERSION = 1;
				GENERATE_INFOPLIST_FILE = YES;
				MARKETING_VERSION = 1.0;
				PRODUCT_BUNDLE_IDENTIFIER = com.fupattzj.number.HomeRummygamesUITests;
				PRODUCT_NAME = "$(TARGET_NAME)";
				SWIFT_EMIT_LOC_STRINGS = NO;
				TARGETED_DEVICE_FAMILY = "1,2";
				TEST_TARGET_NAME = HomeRummygames;
			};
			name = Release;
		};
/* End XCBuildConfiguration section */

/* Begin XCConfigurationList section */
		C6AC75292C1A88880028665D /* Build configuration list for PBXProject "HomeRummygames" */ = {
			isa = XCConfigurationList;
			buildConfigurations = (
				C6AC755B2C1A888C0028665D /* Debug */,
				C6AC755C2C1A888C0028665D /* Release */,
			);
			defaultConfigurationIsVisible = 0;
			defaultConfigurationName = Release;
		};
		C6AC755D2C1A888C0028665D /* Build configuration list for PBXNativeTarget "HomeRummygames" */ = {
			isa = XCConfigurationList;
			buildConfigurations = (
				C6AC755E2C1A888C0028665D /* Debug */,
				C6AC755F2C1A888C0028665D /* Release */,
			);
			defaultConfigurationIsVisible = 0;
			defaultConfigurationName = Release;
		};
		C6AC75602C1A888C0028665D /* Build configuration list for PBXNativeTarget "HomeRummygamesTests" */ = {
			isa = XCConfigurationList;
			buildConfigurations = (
				C6AC75612C1A888C0028665D /* Debug */,
				C6AC75622C1A888C0028665D /* Release */,
			);
			defaultConfigurationIsVisible = 0;
			defaultConfigurationName = Release;
		};
		C6AC75632C1A888C0028665D /* Build configuration list for PBXNativeTarget "HomeRummygamesUITests" */ = {
			isa = XCConfigurationList;
			buildConfigurations = (
				C6AC75642C1A888C0028665D /* Debug */,
				C6AC75652C1A888C0028665D /* Release */,
			);
			defaultConfigurationIsVisible = 0;
			defaultConfigurationName = Release;
		};
/* End XCConfigurationList section */
	};
	rootObject = C6AC75262C1A88880028665D /* Project object */;
}
