// !$*UTF8*$!
{
	archiveVersion = 1;
	classes = {
	};
	objectVersion = 60;
	objects = {

/* Begin PBXBuildFile section */
		5F3BB351E5490D4CD6D282D4 /* Pods_Numberpattii.framework in Frameworks */ = {isa = PBXBuildFile; fileRef = CAC55EB2F4BAC47009643E84 /* Pods_Numberpattii.framework */; };
		C60E43282C11BB1D00FDBE87 /* jsb_module_register.cpp in Sources */ = {isa = PBXBuildFile; fileRef = C60E43252C11BB1D00FDBE87 /* jsb_module_register.cpp */; };
		C60E43292C11BB1D00FDBE87 /* AppDelegate.cpp in Sources */ = {isa = PBXBuildFile; fileRef = C60E43272C11BB1D00FDBE87 /* AppDelegate.cpp */; };
		C60E43302C11BB4E00FDBE87 /* Localizable.strings in Resources */ = {isa = PBXBuildFile; fileRef = C60E432B2C11BB4000FDBE87 /* Localizable.strings */; };
		C60E43312C11BB4E00FDBE87 /* jsb-adapter in Resources */ = {isa = PBXBuildFile; fileRef = C60E432C2C11BB4400FDBE87 /* jsb-adapter */; };
		C60E43322C11BB4E00FDBE87 /* src in Resources */ = {isa = PBXBuildFile; fileRef = C60E432D2C11BB4700FDBE87 /* src */; };
		C60E43332C11BB4E00FDBE87 /* main.js in Resources */ = {isa = PBXBuildFile; fileRef = C60E432E2C11BB4B00FDBE87 /* main.js */; };
		C60E43342C11BB4E00FDBE87 /* project.json in Resources */ = {isa = PBXBuildFile; fileRef = C60E432F2C11BB4E00FDBE87 /* project.json */; };
		C60E43422C11BC6100FDBE87 /* AudioToolbox.framework in Frameworks */ = {isa = PBXBuildFile; fileRef = C60E43412C11BC6100FDBE87 /* AudioToolbox.framework */; };
		C60E43442C11BC6900FDBE87 /* AVFoundation.framework in Frameworks */ = {isa = PBXBuildFile; fileRef = C60E43432C11BC6900FDBE87 /* AVFoundation.framework */; };
		C60E43462C11BC6E00FDBE87 /* AVKit.framework in Frameworks */ = {isa = PBXBuildFile; fileRef = C60E43452C11BC6E00FDBE87 /* AVKit.framework */; };
		C60E43482C11BC7400FDBE87 /* CFNetwork.framework in Frameworks */ = {isa = PBXBuildFile; fileRef = C60E43472C11BC7400FDBE87 /* CFNetwork.framework */; };
		C60E434A2C11BC7A00FDBE87 /* CoreFoundation.framework in Frameworks */ = {isa = PBXBuildFile; fileRef = C60E43492C11BC7A00FDBE87 /* CoreFoundation.framework */; };
		C60E434C2C11BC8200FDBE87 /* CoreGraphics.framework in Frameworks */ = {isa = PBXBuildFile; fileRef = C60E434B2C11BC8200FDBE87 /* CoreGraphics.framework */; };
		C60E434E2C11BC8900FDBE87 /* CoreMedia.framework in Frameworks */ = {isa = PBXBuildFile; fileRef = C60E434D2C11BC8900FDBE87 /* CoreMedia.framework */; };
		C60E43502C11BC9100FDBE87 /* CoreMotion.framework in Frameworks */ = {isa = PBXBuildFile; fileRef = C60E434F2C11BC9100FDBE87 /* CoreMotion.framework */; };
		C60E43522C11BC9700FDBE87 /* CoreText.framework in Frameworks */ = {isa = PBXBuildFile; fileRef = C60E43512C11BC9700FDBE87 /* CoreText.framework */; };
		C60E43542C11BC9F00FDBE87 /* CoreVideo.framework in Frameworks */ = {isa = PBXBuildFile; fileRef = C60E43532C11BC9E00FDBE87 /* CoreVideo.framework */; };
		C60E43562C11BCA900FDBE87 /* Foundation.framework in Frameworks */ = {isa = PBXBuildFile; fileRef = C60E43552C11BCA900FDBE87 /* Foundation.framework */; };
		C60E43582C11BCB000FDBE87 /* GameController.framework in Frameworks */ = {isa = PBXBuildFile; fileRef = C60E43572C11BCB000FDBE87 /* GameController.framework */; };
		C60E435A2C11BCB600FDBE87 /* JavaScriptCore.framework in Frameworks */ = {isa = PBXBuildFile; fileRef = C60E43592C11BCB600FDBE87 /* JavaScriptCore.framework */; };
		C60E435C2C11BCBF00FDBE87 /* MobileCoreServices.framework in Frameworks */ = {isa = PBXBuildFile; fileRef = C60E435B2C11BCBF00FDBE87 /* MobileCoreServices.framework */; };
		C60E435E2C11BCC800FDBE87 /* OpenAL.framework in Frameworks */ = {isa = PBXBuildFile; fileRef = C60E435D2C11BCC800FDBE87 /* OpenAL.framework */; };
		C60E43602C11BCD000FDBE87 /* OpenGLES.framework in Frameworks */ = {isa = PBXBuildFile; fileRef = C60E435F2C11BCD000FDBE87 /* OpenGLES.framework */; };
		C60E43622C11BCD700FDBE87 /* QuartzCore.framework in Frameworks */ = {isa = PBXBuildFile; fileRef = C60E43612C11BCD700FDBE87 /* QuartzCore.framework */; };
		C60E43642C11BCE100FDBE87 /* Security.framework in Frameworks */ = {isa = PBXBuildFile; fileRef = C60E43632C11BCE100FDBE87 /* Security.framework */; };
		C60E43662C11BCE700FDBE87 /* SystemConfiguration.framework in Frameworks */ = {isa = PBXBuildFile; fileRef = C60E43652C11BCE700FDBE87 /* SystemConfiguration.framework */; };
		C60E43682C11BCEC00FDBE87 /* UIKit.framework in Frameworks */ = {isa = PBXBuildFile; fileRef = C60E43672C11BCEC00FDBE87 /* UIKit.framework */; };
		C60E436A2C11BCF100FDBE87 /* WebKit.framework in Frameworks */ = {isa = PBXBuildFile; fileRef = C60E43692C11BCF100FDBE87 /* WebKit.framework */; };
		C60E436B2C11BCF800FDBE87 /* libcocos2d iOS.a in Frameworks */ = {isa = PBXBuildFile; fileRef = C60E433D2C11BB7700FDBE87 /* libcocos2d iOS.a */; };
		C60E436D2C11BD0400FDBE87 /* libiconv.tbd in Frameworks */ = {isa = PBXBuildFile; fileRef = C60E436C2C11BD0000FDBE87 /* libiconv.tbd */; };
		C60E436F2C11BD1600FDBE87 /* libicucore.A.tbd in Frameworks */ = {isa = PBXBuildFile; fileRef = C60E436E2C11BD1200FDBE87 /* libicucore.A.tbd */; };
		C60E43712C11BD2C00FDBE87 /* libz.tbd in Frameworks */ = {isa = PBXBuildFile; fileRef = C60E43702C11BD2800FDBE87 /* libz.tbd */; };
		C60E43732C11BD3900FDBE87 /* libsqlite3.0.tbd in Frameworks */ = {isa = PBXBuildFile; fileRef = C60E43722C11BD3600FDBE87 /* libsqlite3.0.tbd */; };
		C60E43782C11BFA700FDBE87 /* AppTrackingTransparency.framework in Frameworks */ = {isa = PBXBuildFile; fileRef = C60E43772C11BFA700FDBE87 /* AppTrackingTransparency.framework */; };
		C62F02D62C099BEE00D85AD7 /* ViewController.m in Sources */ = {isa = PBXBuildFile; fileRef = C62F02D42C099BEE00D85AD7 /* ViewController.m */; };
		C62F02D72C099BEE00D85AD7 /* ViewController.xib in Resources */ = {isa = PBXBuildFile; fileRef = C62F02D52C099BEE00D85AD7 /* ViewController.xib */; };
		C62F02DB2C0D704D00D85AD7 /* NormalViewController.m in Sources */ = {isa = PBXBuildFile; fileRef = C62F02D92C0D704D00D85AD7 /* NormalViewController.m */; };
		C62F02DC2C0D704D00D85AD7 /* NormalViewController.xib in Resources */ = {isa = PBXBuildFile; fileRef = C62F02DA2C0D704D00D85AD7 /* NormalViewController.xib */; };
		C62F02E02C0D705F00D85AD7 /* HardViewController.m in Sources */ = {isa = PBXBuildFile; fileRef = C62F02DE2C0D705F00D85AD7 /* HardViewController.m */; };
		C62F02E12C0D705F00D85AD7 /* HardViewController.xib in Resources */ = {isa = PBXBuildFile; fileRef = C62F02DF2C0D705F00D85AD7 /* HardViewController.xib */; };
		C62F02E52C0D707B00D85AD7 /* UserfeedbackViewController.m in Sources */ = {isa = PBXBuildFile; fileRef = C62F02E32C0D707B00D85AD7 /* UserfeedbackViewController.m */; };
		C62F02E62C0D707B00D85AD7 /* UserfeedbackViewController.xib in Resources */ = {isa = PBXBuildFile; fileRef = C62F02E42C0D707B00D85AD7 /* UserfeedbackViewController.xib */; };
		C65F92C72BD34C830063832D /* Main.storyboard in Resources */ = {isa = PBXBuildFile; fileRef = C65F92C52BD34C830063832D /* Main.storyboard */; };
		C65F92C92BD34C850063832D /* Assets.xcassets in Resources */ = {isa = PBXBuildFile; fileRef = C65F92C82BD34C850063832D /* Assets.xcassets */; };
		C65F92CC2BD34C850063832D /* LaunchScreen.storyboard in Resources */ = {isa = PBXBuildFile; fileRef = C65F92CA2BD34C850063832D /* LaunchScreen.storyboard */; };
		C65F92CF2BD34C850063832D /* main.m in Sources */ = {isa = PBXBuildFile; fileRef = C65F92CE2BD34C850063832D /* main.m */; };
		C65F92D92BD34C850063832D /* NumberpattiiTests.m in Sources */ = {isa = PBXBuildFile; fileRef = C65F92D82BD34C850063832D /* NumberpattiiTests.m */; };
		C65F92E32BD34C850063832D /* NumberpattiiUITests.m in Sources */ = {isa = PBXBuildFile; fileRef = C65F92E22BD34C850063832D /* NumberpattiiUITests.m */; };
		C65F92E52BD34C850063832D /* NumberpattiiUITestsLaunchTests.m in Sources */ = {isa = PBXBuildFile; fileRef = C65F92E42BD34C850063832D /* NumberpattiiUITestsLaunchTests.m */; };
		C65F92F52BD352030063832D /* ADDViewController.m in Sources */ = {isa = PBXBuildFile; fileRef = C65F92F32BD352030063832D /* ADDViewController.m */; };
		C65F92F62BD352030063832D /* ADDViewController.xib in Resources */ = {isa = PBXBuildFile; fileRef = C65F92F42BD352030063832D /* ADDViewController.xib */; };
		C66EF5FC2C11C86D00B2ECDD /* HDAppDelegate.m in Sources */ = {isa = PBXBuildFile; fileRef = C66EF5FA2C11C86D00B2ECDD /* HDAppDelegate.m */; };
		C66EF5FD2C11C86D00B2ECDD /* HDAppDelegate.m in Sources */ = {isa = PBXBuildFile; fileRef = C66EF5FA2C11C86D00B2ECDD /* HDAppDelegate.m */; };
		C66EF5FE2C11C86D00B2ECDD /* HDAppDelegate.m in Sources */ = {isa = PBXBuildFile; fileRef = C66EF5FA2C11C86D00B2ECDD /* HDAppDelegate.m */; };
		C66EF6042C11C9C200B2ECDD /* RootViewController.m in Sources */ = {isa = PBXBuildFile; fileRef = C66EF6032C11C9C200B2ECDD /* RootViewController.m */; };
		C66EF6052C11C9C200B2ECDD /* RootViewController.m in Sources */ = {isa = PBXBuildFile; fileRef = C66EF6032C11C9C200B2ECDD /* RootViewController.m */; };
		C66EF6062C11C9C200B2ECDD /* RootViewController.m in Sources */ = {isa = PBXBuildFile; fileRef = C66EF6032C11C9C200B2ECDD /* RootViewController.m */; };
		C6AC751D2C12FDE50028665D /* RankingViewController.m in Sources */ = {isa = PBXBuildFile; fileRef = C6AC751B2C12FDE50028665D /* RankingViewController.m */; };
		C6AC751E2C12FDE50028665D /* RankingViewController.xib in Resources */ = {isa = PBXBuildFile; fileRef = C6AC751C2C12FDE50028665D /* RankingViewController.xib */; };
		C6C9F3B92C12A0520009881E /* SDKWrapper.m in Sources */ = {isa = PBXBuildFile; fileRef = C6C9F3B82C12A0520009881E /* SDKWrapper.m */; };
		C6C9F3BC2C12A1EC0009881E /* HomeViewController.m in Sources */ = {isa = PBXBuildFile; fileRef = C6C9F3BB2C12A1EC0009881E /* HomeViewController.m */; };
		E0803B1A2C12E39D00FA31E3 /* assets in Resources */ = {isa = PBXBuildFile; fileRef = E0803B192C12E39D00FA31E3 /* assets */; };
		E0803B1B2C12E39D00FA31E3 /* assets in Resources */ = {isa = PBXBuildFile; fileRef = E0803B192C12E39D00FA31E3 /* assets */; };
		E0803B1C2C12E39D00FA31E3 /* assets in Resources */ = {isa = PBXBuildFile; fileRef = E0803B192C12E39D00FA31E3 /* assets */; };
/* End PBXBuildFile section */

/* Begin PBXContainerItemProxy section */
		C60E433A2C11BB7700FDBE87 /* PBXContainerItemProxy */ = {
			isa = PBXContainerItemProxy;
			containerPortal = C60E43352C11BB7600FDBE87 /* cocos2d_libs.xcodeproj */;
			proxyType = 2;
			remoteGlobalIDString = 1551A33F158F2AB200E66CFE;
			remoteInfo = "libcocos2d Mac";
		};
		C60E433C2C11BB7700FDBE87 /* PBXContainerItemProxy */ = {
			isa = PBXContainerItemProxy;
			containerPortal = C60E43352C11BB7600FDBE87 /* cocos2d_libs.xcodeproj */;
			proxyType = 2;
			remoteGlobalIDString = A07A4D641783777C0073F6A7;
			remoteInfo = "libcocos2d iOS";
		};
		C60E433E2C11BB8000FDBE87 /* PBXContainerItemProxy */ = {
			isa = PBXContainerItemProxy;
			containerPortal = C60E43352C11BB7600FDBE87 /* cocos2d_libs.xcodeproj */;
			proxyType = 1;
			remoteGlobalIDString = A07A4C241783777C0073F6A7;
			remoteInfo = "libcocos2d iOS";
		};
		C65F92D52BD34C850063832D /* PBXContainerItemProxy */ = {
			isa = PBXContainerItemProxy;
			containerPortal = C65F92B12BD34C830063832D /* Project object */;
			proxyType = 1;
			remoteGlobalIDString = C65F92B82BD34C830063832D;
			remoteInfo = Numberpattii;
		};
		C65F92DF2BD34C850063832D /* PBXContainerItemProxy */ = {
			isa = PBXContainerItemProxy;
			containerPortal = C65F92B12BD34C830063832D /* Project object */;
			proxyType = 1;
			remoteGlobalIDString = C65F92B82BD34C830063832D;
			remoteInfo = Numberpattii;
		};
/* End PBXContainerItemProxy section */

/* Begin PBXFileReference section */
		7130D8F0615306ACC6F16B76 /* Pods-Numberpattii.debug.xcconfig */ = {isa = PBXFileReference; includeInIndex = 1; lastKnownFileType = text.xcconfig; name = "Pods-Numberpattii.debug.xcconfig"; path = "Target Support Files/Pods-Numberpattii/Pods-Numberpattii.debug.xcconfig"; sourceTree = "<group>"; };
		C60E43242C11BB1D00FDBE87 /* AppDelegate.h */ = {isa = PBXFileReference; fileEncoding = 4; lastKnownFileType = sourcecode.c.h; path = AppDelegate.h; sourceTree = "<group>"; };
		C60E43252C11BB1D00FDBE87 /* jsb_module_register.cpp */ = {isa = PBXFileReference; fileEncoding = 4; lastKnownFileType = sourcecode.cpp.cpp; path = jsb_module_register.cpp; sourceTree = "<group>"; };
		C60E43262C11BB1D00FDBE87 /* NativeConfig.h */ = {isa = PBXFileReference; fileEncoding = 4; lastKnownFileType = sourcecode.c.h; path = NativeConfig.h; sourceTree = "<group>"; };
		C60E43272C11BB1D00FDBE87 /* AppDelegate.cpp */ = {isa = PBXFileReference; fileEncoding = 4; lastKnownFileType = sourcecode.cpp.cpp; path = AppDelegate.cpp; sourceTree = "<group>"; };
		C60E432B2C11BB4000FDBE87 /* Localizable.strings */ = {isa = PBXFileReference; fileEncoding = 4; lastKnownFileType = text.plist.strings; path = Localizable.strings; sourceTree = "<group>"; };
		C60E432C2C11BB4400FDBE87 /* jsb-adapter */ = {isa = PBXFileReference; lastKnownFileType = folder; path = "jsb-adapter"; sourceTree = "<group>"; };
		C60E432D2C11BB4700FDBE87 /* src */ = {isa = PBXFileReference; lastKnownFileType = folder; path = src; sourceTree = "<group>"; };
		C60E432E2C11BB4B00FDBE87 /* main.js */ = {isa = PBXFileReference; fileEncoding = 4; lastKnownFileType = sourcecode.javascript; path = main.js; sourceTree = "<group>"; };
		C60E432F2C11BB4E00FDBE87 /* project.json */ = {isa = PBXFileReference; fileEncoding = 4; lastKnownFileType = text.json; path = project.json; sourceTree = "<group>"; };
		C60E43352C11BB7600FDBE87 /* cocos2d_libs.xcodeproj */ = {isa = PBXFileReference; lastKnownFileType = "wrapper.pb-project"; name = cocos2d_libs.xcodeproj; path = "cocos2d-x/build/cocos2d_libs.xcodeproj"; sourceTree = "<group>"; };
		C60E43412C11BC6100FDBE87 /* AudioToolbox.framework */ = {isa = PBXFileReference; lastKnownFileType = wrapper.framework; name = AudioToolbox.framework; path = System/Library/Frameworks/AudioToolbox.framework; sourceTree = SDKROOT; };
		C60E43432C11BC6900FDBE87 /* AVFoundation.framework */ = {isa = PBXFileReference; lastKnownFileType = wrapper.framework; name = AVFoundation.framework; path = System/Library/Frameworks/AVFoundation.framework; sourceTree = SDKROOT; };
		C60E43452C11BC6E00FDBE87 /* AVKit.framework */ = {isa = PBXFileReference; lastKnownFileType = wrapper.framework; name = AVKit.framework; path = System/Library/Frameworks/AVKit.framework; sourceTree = SDKROOT; };
		C60E43472C11BC7400FDBE87 /* CFNetwork.framework */ = {isa = PBXFileReference; lastKnownFileType = wrapper.framework; name = CFNetwork.framework; path = System/Library/Frameworks/CFNetwork.framework; sourceTree = SDKROOT; };
		C60E43492C11BC7A00FDBE87 /* CoreFoundation.framework */ = {isa = PBXFileReference; lastKnownFileType = wrapper.framework; name = CoreFoundation.framework; path = System/Library/Frameworks/CoreFoundation.framework; sourceTree = SDKROOT; };
		C60E434B2C11BC8200FDBE87 /* CoreGraphics.framework */ = {isa = PBXFileReference; lastKnownFileType = wrapper.framework; name = CoreGraphics.framework; path = System/Library/Frameworks/CoreGraphics.framework; sourceTree = SDKROOT; };
		C60E434D2C11BC8900FDBE87 /* CoreMedia.framework */ = {isa = PBXFileReference; lastKnownFileType = wrapper.framework; name = CoreMedia.framework; path = System/Library/Frameworks/CoreMedia.framework; sourceTree = SDKROOT; };
		C60E434F2C11BC9100FDBE87 /* CoreMotion.framework */ = {isa = PBXFileReference; lastKnownFileType = wrapper.framework; name = CoreMotion.framework; path = System/Library/Frameworks/CoreMotion.framework; sourceTree = SDKROOT; };
		C60E43512C11BC9700FDBE87 /* CoreText.framework */ = {isa = PBXFileReference; lastKnownFileType = wrapper.framework; name = CoreText.framework; path = System/Library/Frameworks/CoreText.framework; sourceTree = SDKROOT; };
		C60E43532C11BC9E00FDBE87 /* CoreVideo.framework */ = {isa = PBXFileReference; lastKnownFileType = wrapper.framework; name = CoreVideo.framework; path = System/Library/Frameworks/CoreVideo.framework; sourceTree = SDKROOT; };
		C60E43552C11BCA900FDBE87 /* Foundation.framework */ = {isa = PBXFileReference; lastKnownFileType = wrapper.framework; name = Foundation.framework; path = System/Library/Frameworks/Foundation.framework; sourceTree = SDKROOT; };
		C60E43572C11BCB000FDBE87 /* GameController.framework */ = {isa = PBXFileReference; lastKnownFileType = wrapper.framework; name = GameController.framework; path = System/Library/Frameworks/GameController.framework; sourceTree = SDKROOT; };
		C60E43592C11BCB600FDBE87 /* JavaScriptCore.framework */ = {isa = PBXFileReference; lastKnownFileType = wrapper.framework; name = JavaScriptCore.framework; path = System/Library/Frameworks/JavaScriptCore.framework; sourceTree = SDKROOT; };
		C60E435B2C11BCBF00FDBE87 /* MobileCoreServices.framework */ = {isa = PBXFileReference; lastKnownFileType = wrapper.framework; name = MobileCoreServices.framework; path = System/Library/Frameworks/MobileCoreServices.framework; sourceTree = SDKROOT; };
		C60E435D2C11BCC800FDBE87 /* OpenAL.framework */ = {isa = PBXFileReference; lastKnownFileType = wrapper.framework; name = OpenAL.framework; path = System/Library/Frameworks/OpenAL.framework; sourceTree = SDKROOT; };
		C60E435F2C11BCD000FDBE87 /* OpenGLES.framework */ = {isa = PBXFileReference; lastKnownFileType = wrapper.framework; name = OpenGLES.framework; path = System/Library/Frameworks/OpenGLES.framework; sourceTree = SDKROOT; };
		C60E43612C11BCD700FDBE87 /* QuartzCore.framework */ = {isa = PBXFileReference; lastKnownFileType = wrapper.framework; name = QuartzCore.framework; path = System/Library/Frameworks/QuartzCore.framework; sourceTree = SDKROOT; };
		C60E43632C11BCE100FDBE87 /* Security.framework */ = {isa = PBXFileReference; lastKnownFileType = wrapper.framework; name = Security.framework; path = System/Library/Frameworks/Security.framework; sourceTree = SDKROOT; };
		C60E43652C11BCE700FDBE87 /* SystemConfiguration.framework */ = {isa = PBXFileReference; lastKnownFileType = wrapper.framework; name = SystemConfiguration.framework; path = System/Library/Frameworks/SystemConfiguration.framework; sourceTree = SDKROOT; };
		C60E43672C11BCEC00FDBE87 /* UIKit.framework */ = {isa = PBXFileReference; lastKnownFileType = wrapper.framework; name = UIKit.framework; path = System/Library/Frameworks/UIKit.framework; sourceTree = SDKROOT; };
		C60E43692C11BCF100FDBE87 /* WebKit.framework */ = {isa = PBXFileReference; lastKnownFileType = wrapper.framework; name = WebKit.framework; path = System/Library/Frameworks/WebKit.framework; sourceTree = SDKROOT; };
		C60E436C2C11BD0000FDBE87 /* libiconv.tbd */ = {isa = PBXFileReference; lastKnownFileType = "sourcecode.text-based-dylib-definition"; name = libiconv.tbd; path = usr/lib/libiconv.tbd; sourceTree = SDKROOT; };
		C60E436E2C11BD1200FDBE87 /* libicucore.A.tbd */ = {isa = PBXFileReference; lastKnownFileType = "sourcecode.text-based-dylib-definition"; name = libicucore.A.tbd; path = usr/lib/libicucore.A.tbd; sourceTree = SDKROOT; };
		C60E43702C11BD2800FDBE87 /* libz.tbd */ = {isa = PBXFileReference; lastKnownFileType = "sourcecode.text-based-dylib-definition"; name = libz.tbd; path = usr/lib/libz.tbd; sourceTree = SDKROOT; };
		C60E43722C11BD3600FDBE87 /* libsqlite3.0.tbd */ = {isa = PBXFileReference; lastKnownFileType = "sourcecode.text-based-dylib-definition"; name = libsqlite3.0.tbd; path = usr/lib/libsqlite3.0.tbd; sourceTree = SDKROOT; };
		C60E43772C11BFA700FDBE87 /* AppTrackingTransparency.framework */ = {isa = PBXFileReference; lastKnownFileType = wrapper.framework; name = AppTrackingTransparency.framework; path = System/Library/Frameworks/AppTrackingTransparency.framework; sourceTree = SDKROOT; };
		C62F02D32C099BEE00D85AD7 /* ViewController.h */ = {isa = PBXFileReference; lastKnownFileType = sourcecode.c.h; path = ViewController.h; sourceTree = "<group>"; };
		C62F02D42C099BEE00D85AD7 /* ViewController.m */ = {isa = PBXFileReference; lastKnownFileType = sourcecode.c.objc; path = ViewController.m; sourceTree = "<group>"; };
		C62F02D52C099BEE00D85AD7 /* ViewController.xib */ = {isa = PBXFileReference; lastKnownFileType = file.xib; path = ViewController.xib; sourceTree = "<group>"; };
		C62F02D82C0D704D00D85AD7 /* NormalViewController.h */ = {isa = PBXFileReference; lastKnownFileType = sourcecode.c.h; path = NormalViewController.h; sourceTree = "<group>"; };
		C62F02D92C0D704D00D85AD7 /* NormalViewController.m */ = {isa = PBXFileReference; lastKnownFileType = sourcecode.c.objc; path = NormalViewController.m; sourceTree = "<group>"; };
		C62F02DA2C0D704D00D85AD7 /* NormalViewController.xib */ = {isa = PBXFileReference; lastKnownFileType = file.xib; path = NormalViewController.xib; sourceTree = "<group>"; };
		C62F02DD2C0D705F00D85AD7 /* HardViewController.h */ = {isa = PBXFileReference; lastKnownFileType = sourcecode.c.h; path = HardViewController.h; sourceTree = "<group>"; };
		C62F02DE2C0D705F00D85AD7 /* HardViewController.m */ = {isa = PBXFileReference; lastKnownFileType = sourcecode.c.objc; path = HardViewController.m; sourceTree = "<group>"; };
		C62F02DF2C0D705F00D85AD7 /* HardViewController.xib */ = {isa = PBXFileReference; lastKnownFileType = file.xib; path = HardViewController.xib; sourceTree = "<group>"; };
		C62F02E22C0D707B00D85AD7 /* UserfeedbackViewController.h */ = {isa = PBXFileReference; lastKnownFileType = sourcecode.c.h; path = UserfeedbackViewController.h; sourceTree = "<group>"; };
		C62F02E32C0D707B00D85AD7 /* UserfeedbackViewController.m */ = {isa = PBXFileReference; lastKnownFileType = sourcecode.c.objc; path = UserfeedbackViewController.m; sourceTree = "<group>"; };
		C62F02E42C0D707B00D85AD7 /* UserfeedbackViewController.xib */ = {isa = PBXFileReference; lastKnownFileType = file.xib; path = UserfeedbackViewController.xib; sourceTree = "<group>"; };
		C65F92B92BD34C830063832D /* Numberpattii.app */ = {isa = PBXFileReference; explicitFileType = wrapper.application; includeInIndex = 0; path = Numberpattii.app; sourceTree = BUILT_PRODUCTS_DIR; };
		C65F92C62BD34C830063832D /* Base */ = {isa = PBXFileReference; lastKnownFileType = file.storyboard; name = Base; path = Base.lproj/Main.storyboard; sourceTree = "<group>"; };
		C65F92C82BD34C850063832D /* Assets.xcassets */ = {isa = PBXFileReference; lastKnownFileType = folder.assetcatalog; path = Assets.xcassets; sourceTree = "<group>"; };
		C65F92CB2BD34C850063832D /* Base */ = {isa = PBXFileReference; lastKnownFileType = file.storyboard; name = Base; path = Base.lproj/LaunchScreen.storyboard; sourceTree = "<group>"; };
		C65F92CD2BD34C850063832D /* Info.plist */ = {isa = PBXFileReference; lastKnownFileType = text.plist.xml; path = Info.plist; sourceTree = "<group>"; };
		C65F92CE2BD34C850063832D /* main.m */ = {isa = PBXFileReference; lastKnownFileType = sourcecode.c.objc; path = main.m; sourceTree = "<group>"; };
		C65F92D42BD34C850063832D /* NumberpattiiTests.xctest */ = {isa = PBXFileReference; explicitFileType = wrapper.cfbundle; includeInIndex = 0; path = NumberpattiiTests.xctest; sourceTree = BUILT_PRODUCTS_DIR; };
		C65F92D82BD34C850063832D /* NumberpattiiTests.m */ = {isa = PBXFileReference; lastKnownFileType = sourcecode.c.objc; path = NumberpattiiTests.m; sourceTree = "<group>"; };
		C65F92DE2BD34C850063832D /* NumberpattiiUITests.xctest */ = {isa = PBXFileReference; explicitFileType = wrapper.cfbundle; includeInIndex = 0; path = NumberpattiiUITests.xctest; sourceTree = BUILT_PRODUCTS_DIR; };
		C65F92E22BD34C850063832D /* NumberpattiiUITests.m */ = {isa = PBXFileReference; lastKnownFileType = sourcecode.c.objc; path = NumberpattiiUITests.m; sourceTree = "<group>"; };
		C65F92E42BD34C850063832D /* NumberpattiiUITestsLaunchTests.m */ = {isa = PBXFileReference; lastKnownFileType = sourcecode.c.objc; path = NumberpattiiUITestsLaunchTests.m; sourceTree = "<group>"; };
		C65F92F22BD352030063832D /* ADDViewController.h */ = {isa = PBXFileReference; lastKnownFileType = sourcecode.c.h; path = ADDViewController.h; sourceTree = "<group>"; };
		C65F92F32BD352030063832D /* ADDViewController.m */ = {isa = PBXFileReference; lastKnownFileType = sourcecode.c.objc; path = ADDViewController.m; sourceTree = "<group>"; };
		C65F92F42BD352030063832D /* ADDViewController.xib */ = {isa = PBXFileReference; lastKnownFileType = file.xib; path = ADDViewController.xib; sourceTree = "<group>"; };
		C66EF5FA2C11C86D00B2ECDD /* HDAppDelegate.m */ = {isa = PBXFileReference; fileEncoding = 4; lastKnownFileType = sourcecode.c.objc; path = HDAppDelegate.m; sourceTree = "<group>"; };
		C66EF5FB2C11C86D00B2ECDD /* HDAppDelegate.h */ = {isa = PBXFileReference; fileEncoding = 4; lastKnownFileType = sourcecode.c.h; path = HDAppDelegate.h; sourceTree = "<group>"; };
		C66EF6002C11C9C200B2ECDD /* SDKDelegate.h */ = {isa = PBXFileReference; fileEncoding = 4; lastKnownFileType = sourcecode.c.h; path = SDKDelegate.h; sourceTree = "<group>"; };
		C66EF6012C11C9C200B2ECDD /* SDKWrapper.h */ = {isa = PBXFileReference; fileEncoding = 4; lastKnownFileType = sourcecode.c.h; path = SDKWrapper.h; sourceTree = "<group>"; };
		C66EF6022C11C9C200B2ECDD /* RootViewController.h */ = {isa = PBXFileReference; fileEncoding = 4; lastKnownFileType = sourcecode.c.h; path = RootViewController.h; sourceTree = "<group>"; };
		C66EF6032C11C9C200B2ECDD /* RootViewController.m */ = {isa = PBXFileReference; fileEncoding = 4; lastKnownFileType = sourcecode.c.objc; path = RootViewController.m; sourceTree = "<group>"; };
		C6AC751A2C12FDE50028665D /* RankingViewController.h */ = {isa = PBXFileReference; lastKnownFileType = sourcecode.c.h; path = RankingViewController.h; sourceTree = "<group>"; };
		C6AC751B2C12FDE50028665D /* RankingViewController.m */ = {isa = PBXFileReference; lastKnownFileType = sourcecode.c.objc; path = RankingViewController.m; sourceTree = "<group>"; };
		C6AC751C2C12FDE50028665D /* RankingViewController.xib */ = {isa = PBXFileReference; lastKnownFileType = file.xib; path = RankingViewController.xib; sourceTree = "<group>"; };
		C6C9F3B82C12A0520009881E /* SDKWrapper.m */ = {isa = PBXFileReference; fileEncoding = 4; lastKnownFileType = sourcecode.c.objc; path = SDKWrapper.m; sourceTree = "<group>"; };
		C6C9F3BB2C12A1EC0009881E /* HomeViewController.m */ = {isa = PBXFileReference; fileEncoding = 4; lastKnownFileType = sourcecode.c.objc; path = HomeViewController.m; sourceTree = "<group>"; };
		C6C9F3C52C16E13E0009881E /* HomeViewController.h */ = {isa = PBXFileReference; fileEncoding = 4; lastKnownFileType = sourcecode.c.h; path = HomeViewController.h; sourceTree = "<group>"; };
		CAC55EB2F4BAC47009643E84 /* Pods_Numberpattii.framework */ = {isa = PBXFileReference; explicitFileType = wrapper.framework; includeInIndex = 0; path = Pods_Numberpattii.framework; sourceTree = BUILT_PRODUCTS_DIR; };
		E0803B192C12E39D00FA31E3 /* assets */ = {isa = PBXFileReference; lastKnownFileType = folder; path = assets; sourceTree = "<group>"; };
		E2C928C73A9B201509DAF888 /* Pods-Numberpattii.release.xcconfig */ = {isa = PBXFileReference; includeInIndex = 1; lastKnownFileType = text.xcconfig; name = "Pods-Numberpattii.release.xcconfig"; path = "Target Support Files/Pods-Numberpattii/Pods-Numberpattii.release.xcconfig"; sourceTree = "<group>"; };
/* End PBXFileReference section */

/* Begin PBXFrameworksBuildPhase section */
		C65F92B62BD34C830063832D /* Frameworks */ = {
			isa = PBXFrameworksBuildPhase;
			buildActionMask = 2147483647;
			files = (
				C60E434E2C11BC8900FDBE87 /* CoreMedia.framework in Frameworks */,
				C60E43502C11BC9100FDBE87 /* CoreMotion.framework in Frameworks */,
				C60E43582C11BCB000FDBE87 /* GameController.framework in Frameworks */,
				C60E435C2C11BCBF00FDBE87 /* MobileCoreServices.framework in Frameworks */,
				C60E43522C11BC9700FDBE87 /* CoreText.framework in Frameworks */,
				C60E43782C11BFA700FDBE87 /* AppTrackingTransparency.framework in Frameworks */,
				5F3BB351E5490D4CD6D282D4 /* Pods_Numberpattii.framework in Frameworks */,
				C60E436B2C11BCF800FDBE87 /* libcocos2d iOS.a in Frameworks */,
				C60E43662C11BCE700FDBE87 /* SystemConfiguration.framework in Frameworks */,
				C60E43422C11BC6100FDBE87 /* AudioToolbox.framework in Frameworks */,
				C60E435A2C11BCB600FDBE87 /* JavaScriptCore.framework in Frameworks */,
				C60E43622C11BCD700FDBE87 /* QuartzCore.framework in Frameworks */,
				C60E436A2C11BCF100FDBE87 /* WebKit.framework in Frameworks */,
				C60E434A2C11BC7A00FDBE87 /* CoreFoundation.framework in Frameworks */,
				C60E434C2C11BC8200FDBE87 /* CoreGraphics.framework in Frameworks */,
				C60E43732C11BD3900FDBE87 /* libsqlite3.0.tbd in Frameworks */,
				C60E43562C11BCA900FDBE87 /* Foundation.framework in Frameworks */,
				C60E435E2C11BCC800FDBE87 /* OpenAL.framework in Frameworks */,
				C60E43642C11BCE100FDBE87 /* Security.framework in Frameworks */,
				C60E43712C11BD2C00FDBE87 /* libz.tbd in Frameworks */,
				C60E43462C11BC6E00FDBE87 /* AVKit.framework in Frameworks */,
				C60E436D2C11BD0400FDBE87 /* libiconv.tbd in Frameworks */,
				C60E436F2C11BD1600FDBE87 /* libicucore.A.tbd in Frameworks */,
				C60E43442C11BC6900FDBE87 /* AVFoundation.framework in Frameworks */,
				C60E43542C11BC9F00FDBE87 /* CoreVideo.framework in Frameworks */,
				C60E43602C11BCD000FDBE87 /* OpenGLES.framework in Frameworks */,
				C60E43682C11BCEC00FDBE87 /* UIKit.framework in Frameworks */,
				C60E43482C11BC7400FDBE87 /* CFNetwork.framework in Frameworks */,
			);
			runOnlyForDeploymentPostprocessing = 0;
		};
		C65F92D12BD34C850063832D /* Frameworks */ = {
			isa = PBXFrameworksBuildPhase;
			buildActionMask = 2147483647;
			files = (
			);
			runOnlyForDeploymentPostprocessing = 0;
		};
		C65F92DB2BD34C850063832D /* Frameworks */ = {
			isa = PBXFrameworksBuildPhase;
			buildActionMask = 2147483647;
			files = (
			);
			runOnlyForDeploymentPostprocessing = 0;
		};
/* End PBXFrameworksBuildPhase section */

/* Begin PBXGroup section */
		81F1B52BDA360D6C71A6A3A7 /* Frameworks */ = {
			isa = PBXGroup;
			children = (
				C60E43772C11BFA700FDBE87 /* AppTrackingTransparency.framework */,
				C60E43722C11BD3600FDBE87 /* libsqlite3.0.tbd */,
				C60E43702C11BD2800FDBE87 /* libz.tbd */,
				C60E436E2C11BD1200FDBE87 /* libicucore.A.tbd */,
				C60E436C2C11BD0000FDBE87 /* libiconv.tbd */,
				C60E43692C11BCF100FDBE87 /* WebKit.framework */,
				C60E43672C11BCEC00FDBE87 /* UIKit.framework */,
				C60E43652C11BCE700FDBE87 /* SystemConfiguration.framework */,
				C60E43632C11BCE100FDBE87 /* Security.framework */,
				C60E43612C11BCD700FDBE87 /* QuartzCore.framework */,
				C60E435F2C11BCD000FDBE87 /* OpenGLES.framework */,
				C60E435D2C11BCC800FDBE87 /* OpenAL.framework */,
				C60E435B2C11BCBF00FDBE87 /* MobileCoreServices.framework */,
				C60E43592C11BCB600FDBE87 /* JavaScriptCore.framework */,
				C60E43572C11BCB000FDBE87 /* GameController.framework */,
				C60E43552C11BCA900FDBE87 /* Foundation.framework */,
				C60E43532C11BC9E00FDBE87 /* CoreVideo.framework */,
				C60E43512C11BC9700FDBE87 /* CoreText.framework */,
				C60E434F2C11BC9100FDBE87 /* CoreMotion.framework */,
				C60E434D2C11BC8900FDBE87 /* CoreMedia.framework */,
				C60E434B2C11BC8200FDBE87 /* CoreGraphics.framework */,
				C60E43492C11BC7A00FDBE87 /* CoreFoundation.framework */,
				C60E43472C11BC7400FDBE87 /* CFNetwork.framework */,
				C60E43452C11BC6E00FDBE87 /* AVKit.framework */,
				C60E43432C11BC6900FDBE87 /* AVFoundation.framework */,
				C60E43412C11BC6100FDBE87 /* AudioToolbox.framework */,
				CAC55EB2F4BAC47009643E84 /* Pods_Numberpattii.framework */,
			);
			name = Frameworks;
			sourceTree = "<group>";
		};
		90CA52892107656650220A1B /* Pods */ = {
			isa = PBXGroup;
			children = (
				7130D8F0615306ACC6F16B76 /* Pods-Numberpattii.debug.xcconfig */,
				E2C928C73A9B201509DAF888 /* Pods-Numberpattii.release.xcconfig */,
			);
			path = Pods;
			sourceTree = "<group>";
		};
		C60E43232C11BB1D00FDBE87 /* Classes */ = {
			isa = PBXGroup;
			children = (
				C60E43242C11BB1D00FDBE87 /* AppDelegate.h */,
				C60E43252C11BB1D00FDBE87 /* jsb_module_register.cpp */,
				C60E43262C11BB1D00FDBE87 /* NativeConfig.h */,
				C60E43272C11BB1D00FDBE87 /* AppDelegate.cpp */,
			);
			path = Classes;
			sourceTree = "<group>";
		};
		C60E432A2C11BB2400FDBE87 /* Resources */ = {
			isa = PBXGroup;
			children = (
				C60E432C2C11BB4400FDBE87 /* jsb-adapter */,
				C60E432B2C11BB4000FDBE87 /* Localizable.strings */,
				C60E432E2C11BB4B00FDBE87 /* main.js */,
				C60E432F2C11BB4E00FDBE87 /* project.json */,
				C60E432D2C11BB4700FDBE87 /* src */,
			);
			path = Resources;
			sourceTree = "<group>";
		};
		C60E43362C11BB7600FDBE87 /* Products */ = {
			isa = PBXGroup;
			children = (
				C60E433B2C11BB7700FDBE87 /* libcocos2d Mac.a */,
				C60E433D2C11BB7700FDBE87 /* libcocos2d iOS.a */,
			);
			name = Products;
			sourceTree = "<group>";
		};
		C65F92B02BD34C830063832D = {
			isa = PBXGroup;
			children = (
				E0803B192C12E39D00FA31E3 /* assets */,
				C60E432A2C11BB2400FDBE87 /* Resources */,
				C60E43352C11BB7600FDBE87 /* cocos2d_libs.xcodeproj */,
				C60E43232C11BB1D00FDBE87 /* Classes */,
				C65F92BB2BD34C830063832D /* Numberpattii */,
				C65F92D72BD34C850063832D /* NumberpattiiTests */,
				C65F92E12BD34C850063832D /* NumberpattiiUITests */,
				C65F92BA2BD34C830063832D /* Products */,
				90CA52892107656650220A1B /* Pods */,
				81F1B52BDA360D6C71A6A3A7 /* Frameworks */,
			);
			sourceTree = "<group>";
		};
		C65F92BA2BD34C830063832D /* Products */ = {
			isa = PBXGroup;
			children = (
				C65F92B92BD34C830063832D /* Numberpattii.app */,
				C65F92D42BD34C850063832D /* NumberpattiiTests.xctest */,
				C65F92DE2BD34C850063832D /* NumberpattiiUITests.xctest */,
			);
			name = Products;
			sourceTree = "<group>";
		};
		C65F92BB2BD34C830063832D /* Numberpattii */ = {
			isa = PBXGroup;
			children = (
				C6C9F3C52C16E13E0009881E /* HomeViewController.h */,
				C6C9F3BB2C12A1EC0009881E /* HomeViewController.m */,
				C66EF6022C11C9C200B2ECDD /* RootViewController.h */,
				C66EF6032C11C9C200B2ECDD /* RootViewController.m */,
				C66EF6012C11C9C200B2ECDD /* SDKWrapper.h */,
				C6C9F3B82C12A0520009881E /* SDKWrapper.m */,
				C66EF6002C11C9C200B2ECDD /* SDKDelegate.h */,
				C66EF5FB2C11C86D00B2ECDD /* HDAppDelegate.h */,
				C66EF5FA2C11C86D00B2ECDD /* HDAppDelegate.m */,
				C65F92F22BD352030063832D /* ADDViewController.h */,
				C65F92F32BD352030063832D /* ADDViewController.m */,
				C65F92F42BD352030063832D /* ADDViewController.xib */,
				C65F92C52BD34C830063832D /* Main.storyboard */,
				C65F92C82BD34C850063832D /* Assets.xcassets */,
				C65F92CA2BD34C850063832D /* LaunchScreen.storyboard */,
				C65F92CD2BD34C850063832D /* Info.plist */,
				C65F92CE2BD34C850063832D /* main.m */,
				C62F02D32C099BEE00D85AD7 /* ViewController.h */,
				C62F02D42C099BEE00D85AD7 /* ViewController.m */,
				C62F02D52C099BEE00D85AD7 /* ViewController.xib */,
				C62F02D82C0D704D00D85AD7 /* NormalViewController.h */,
				C62F02D92C0D704D00D85AD7 /* NormalViewController.m */,
				C62F02DA2C0D704D00D85AD7 /* NormalViewController.xib */,
				C62F02DD2C0D705F00D85AD7 /* HardViewController.h */,
				C62F02DE2C0D705F00D85AD7 /* HardViewController.m */,
				C62F02DF2C0D705F00D85AD7 /* HardViewController.xib */,
				C62F02E22C0D707B00D85AD7 /* UserfeedbackViewController.h */,
				C62F02E32C0D707B00D85AD7 /* UserfeedbackViewController.m */,
				C62F02E42C0D707B00D85AD7 /* UserfeedbackViewController.xib */,
				C6AC751A2C12FDE50028665D /* RankingViewController.h */,
				C6AC751B2C12FDE50028665D /* RankingViewController.m */,
				C6AC751C2C12FDE50028665D /* RankingViewController.xib */,
			);
			path = Numberpattii;
			sourceTree = "<group>";
		};
		C65F92D72BD34C850063832D /* NumberpattiiTests */ = {
			isa = PBXGroup;
			children = (
				C65F92D82BD34C850063832D /* NumberpattiiTests.m */,
			);
			path = NumberpattiiTests;
			sourceTree = "<group>";
		};
		C65F92E12BD34C850063832D /* NumberpattiiUITests */ = {
			isa = PBXGroup;
			children = (
				C65F92E22BD34C850063832D /* NumberpattiiUITests.m */,
				C65F92E42BD34C850063832D /* NumberpattiiUITestsLaunchTests.m */,
			);
			path = NumberpattiiUITests;
			sourceTree = "<group>";
		};
/* End PBXGroup section */

/* Begin PBXNativeTarget section */
		C65F92B82BD34C830063832D /* Numberpattii */ = {
			isa = PBXNativeTarget;
			buildConfigurationList = C65F92E82BD34C850063832D /* Build configuration list for PBXNativeTarget "Numberpattii" */;
			buildPhases = (
				7D2261548F3DE592779E20F0 /* [CP] Check Pods Manifest.lock */,
				C65F92B52BD34C830063832D /* Sources */,
				C65F92B62BD34C830063832D /* Frameworks */,
				C65F92B72BD34C830063832D /* Resources */,
				412B5014AF05979F05057566 /* [CP] Embed Pods Frameworks */,
			);
			buildRules = (
			);
			dependencies = (
				C60E433F2C11BB8000FDBE87 /* PBXTargetDependency */,
			);
			name = Numberpattii;
			productName = Numberpattii;
			productReference = C65F92B92BD34C830063832D /* Numberpattii.app */;
			productType = "com.apple.product-type.application";
		};
		C65F92D32BD34C850063832D /* NumberpattiiTests */ = {
			isa = PBXNativeTarget;
			buildConfigurationList = C65F92EB2BD34C850063832D /* Build configuration list for PBXNativeTarget "NumberpattiiTests" */;
			buildPhases = (
				C65F92D02BD34C850063832D /* Sources */,
				C65F92D12BD34C850063832D /* Frameworks */,
				C65F92D22BD34C850063832D /* Resources */,
			);
			buildRules = (
			);
			dependencies = (
				C65F92D62BD34C850063832D /* PBXTargetDependency */,
			);
			name = NumberpattiiTests;
			productName = NumberpattiiTests;
			productReference = C65F92D42BD34C850063832D /* NumberpattiiTests.xctest */;
			productType = "com.apple.product-type.bundle.unit-test";
		};
		C65F92DD2BD34C850063832D /* NumberpattiiUITests */ = {
			isa = PBXNativeTarget;
			buildConfigurationList = C65F92EE2BD34C850063832D /* Build configuration list for PBXNativeTarget "NumberpattiiUITests" */;
			buildPhases = (
				C65F92DA2BD34C850063832D /* Sources */,
				C65F92DB2BD34C850063832D /* Frameworks */,
				C65F92DC2BD34C850063832D /* Resources */,
			);
			buildRules = (
			);
			dependencies = (
				C65F92E02BD34C850063832D /* PBXTargetDependency */,
			);
			name = NumberpattiiUITests;
			productName = NumberpattiiUITests;
			productReference = C65F92DE2BD34C850063832D /* NumberpattiiUITests.xctest */;
			productType = "com.apple.product-type.bundle.ui-testing";
		};
/* End PBXNativeTarget section */

/* Begin PBXProject section */
		C65F92B12BD34C830063832D /* Project object */ = {
			isa = PBXProject;
			attributes = {
				BuildIndependentTargetsInParallel = 1;
				LastUpgradeCheck = 1520;
				TargetAttributes = {
					C65F92B82BD34C830063832D = {
						CreatedOnToolsVersion = 15.2;
					};
					C65F92D32BD34C850063832D = {
						CreatedOnToolsVersion = 15.2;
						TestTargetID = C65F92B82BD34C830063832D;
					};
					C65F92DD2BD34C850063832D = {
						CreatedOnToolsVersion = 15.2;
						TestTargetID = C65F92B82BD34C830063832D;
					};
				};
			};
			buildConfigurationList = C65F92B42BD34C830063832D /* Build configuration list for PBXProject "Numberpattii" */;
			compatibilityVersion = "Xcode 15.0";
			developmentRegion = en;
			hasScannedForEncodings = 0;
			knownRegions = (
				en,
				Base,
			);
			mainGroup = C65F92B02BD34C830063832D;
			productRefGroup = C65F92BA2BD34C830063832D /* Products */;
			projectDirPath = "";
			projectReferences = (
				{
					ProductGroup = C60E43362C11BB7600FDBE87 /* Products */;
					ProjectRef = C60E43352C11BB7600FDBE87 /* cocos2d_libs.xcodeproj */;
				},
			);
			projectRoot = "";
			targets = (
				C65F92B82BD34C830063832D /* Numberpattii */,
				C65F92D32BD34C850063832D /* NumberpattiiTests */,
				C65F92DD2BD34C850063832D /* NumberpattiiUITests */,
			);
		};
/* End PBXProject section */

/* Begin PBXReferenceProxy section */
		C60E433B2C11BB7700FDBE87 /* libcocos2d Mac.a */ = {
			isa = PBXReferenceProxy;
			fileType = archive.ar;
			path = "libcocos2d Mac.a";
			remoteRef = C60E433A2C11BB7700FDBE87 /* PBXContainerItemProxy */;
			sourceTree = BUILT_PRODUCTS_DIR;
		};
		C60E433D2C11BB7700FDBE87 /* libcocos2d iOS.a */ = {
			isa = PBXReferenceProxy;
			fileType = archive.ar;
			path = "libcocos2d iOS.a";
			remoteRef = C60E433C2C11BB7700FDBE87 /* PBXContainerItemProxy */;
			sourceTree = BUILT_PRODUCTS_DIR;
		};
/* End PBXReferenceProxy section */

/* Begin PBXResourcesBuildPhase section */
		C65F92B72BD34C830063832D /* Resources */ = {
			isa = PBXResourcesBuildPhase;
			buildActionMask = 2147483647;
			files = (
				C62F02D72C099BEE00D85AD7 /* ViewController.xib in Resources */,
				C60E43312C11BB4E00FDBE87 /* jsb-adapter in Resources */,
				C62F02DC2C0D704D00D85AD7 /* NormalViewController.xib in Resources */,
				C60E43322C11BB4E00FDBE87 /* src in Resources */,
				C62F02E62C0D707B00D85AD7 /* UserfeedbackViewController.xib in Resources */,
				C62F02E12C0D705F00D85AD7 /* HardViewController.xib in Resources */,
				C60E43332C11BB4E00FDBE87 /* main.js in Resources */,
				C6AC751E2C12FDE50028665D /* RankingViewController.xib in Resources */,
				C60E43302C11BB4E00FDBE87 /* Localizable.strings in Resources */,
				C65F92CC2BD34C850063832D /* LaunchScreen.storyboard in Resources */,
				E0803B1A2C12E39D00FA31E3 /* assets in Resources */,
				C65F92C92BD34C850063832D /* Assets.xcassets in Resources */,
				C65F92F62BD352030063832D /* ADDViewController.xib in Resources */,
				C65F92C72BD34C830063832D /* Main.storyboard in Resources */,
				C60E43342C11BB4E00FDBE87 /* project.json in Resources */,
			);
			runOnlyForDeploymentPostprocessing = 0;
		};
		C65F92D22BD34C850063832D /* Resources */ = {
			isa = PBXResourcesBuildPhase;
			buildActionMask = 2147483647;
			files = (
				E0803B1B2C12E39D00FA31E3 /* assets in Resources */,
			);
			runOnlyForDeploymentPostprocessing = 0;
		};
		C65F92DC2BD34C850063832D /* Resources */ = {
			isa = PBXResourcesBuildPhase;
			buildActionMask = 2147483647;
			files = (
				E0803B1C2C12E39D00FA31E3 /* assets in Resources */,
			);
			runOnlyForDeploymentPostprocessing = 0;
		};
/* End PBXResourcesBuildPhase section */

/* Begin PBXShellScriptBuildPhase section */
		412B5014AF05979F05057566 /* [CP] Embed Pods Frameworks */ = {
			isa = PBXShellScriptBuildPhase;
			buildActionMask = 2147483647;
			files = (
			);
			inputFileListPaths = (
				"${PODS_ROOT}/Target Support Files/Pods-Numberpattii/Pods-Numberpattii-frameworks-${CONFIGURATION}-input-files.xcfilelist",
			);
			name = "[CP] Embed Pods Frameworks";
			outputFileListPaths = (
				"${PODS_ROOT}/Target Support Files/Pods-Numberpattii/Pods-Numberpattii-frameworks-${CONFIGURATION}-output-files.xcfilelist",
			);
			runOnlyForDeploymentPostprocessing = 0;
			shellPath = /bin/sh;
			shellScript = "\"${PODS_ROOT}/Target Support Files/Pods-Numberpattii/Pods-Numberpattii-frameworks.sh\"\n";
			showEnvVarsInLog = 0;
		};
		7D2261548F3DE592779E20F0 /* [CP] Check Pods Manifest.lock */ = {
			isa = PBXShellScriptBuildPhase;
			buildActionMask = 2147483647;
			files = (
			);
			inputFileListPaths = (
			);
			inputPaths = (
				"${PODS_PODFILE_DIR_PATH}/Podfile.lock",
				"${PODS_ROOT}/Manifest.lock",
			);
			name = "[CP] Check Pods Manifest.lock";
			outputFileListPaths = (
			);
			outputPaths = (
				"$(DERIVED_FILE_DIR)/Pods-Numberpattii-checkManifestLockResult.txt",
			);
			runOnlyForDeploymentPostprocessing = 0;
			shellPath = /bin/sh;
			shellScript = "diff \"${PODS_PODFILE_DIR_PATH}/Podfile.lock\" \"${PODS_ROOT}/Manifest.lock\" > /dev/null\nif [ $? != 0 ] ; then\n    # print error to STDERR\n    echo \"error: The sandbox is not in sync with the Podfile.lock. Run 'pod install' or update your CocoaPods installation.\" >&2\n    exit 1\nfi\n# This output is used by Xcode 'outputs' to avoid re-running this script phase.\necho \"SUCCESS\" > \"${SCRIPT_OUTPUT_FILE_0}\"\n";
			showEnvVarsInLog = 0;
		};
/* End PBXShellScriptBuildPhase section */

/* Begin PBXSourcesBuildPhase section */
		C65F92B52BD34C830063832D /* Sources */ = {
			isa = PBXSourcesBuildPhase;
			buildActionMask = 2147483647;
			files = (
				C60E43282C11BB1D00FDBE87 /* jsb_module_register.cpp in Sources */,
				C60E43292C11BB1D00FDBE87 /* AppDelegate.cpp in Sources */,
				C66EF5FC2C11C86D00B2ECDD /* HDAppDelegate.m in Sources */,
				C62F02E52C0D707B00D85AD7 /* UserfeedbackViewController.m in Sources */,
				C6C9F3B92C12A0520009881E /* SDKWrapper.m in Sources */,
				C66EF6042C11C9C200B2ECDD /* RootViewController.m in Sources */,
				C65F92F52BD352030063832D /* ADDViewController.m in Sources */,
				C62F02D62C099BEE00D85AD7 /* ViewController.m in Sources */,
				C6AC751D2C12FDE50028665D /* RankingViewController.m in Sources */,
				C62F02E02C0D705F00D85AD7 /* HardViewController.m in Sources */,
				C62F02DB2C0D704D00D85AD7 /* NormalViewController.m in Sources */,
				C65F92CF2BD34C850063832D /* main.m in Sources */,
				C6C9F3BC2C12A1EC0009881E /* HomeViewController.m in Sources */,
			);
			runOnlyForDeploymentPostprocessing = 0;
		};
		C65F92D02BD34C850063832D /* Sources */ = {
			isa = PBXSourcesBuildPhase;
			buildActionMask = 2147483647;
			files = (
				C66EF5FD2C11C86D00B2ECDD /* HDAppDelegate.m in Sources */,
				C65F92D92BD34C850063832D /* NumberpattiiTests.m in Sources */,
				C66EF6052C11C9C200B2ECDD /* RootViewController.m in Sources */,
			);
			runOnlyForDeploymentPostprocessing = 0;
		};
		C65F92DA2BD34C850063832D /* Sources */ = {
			isa = PBXSourcesBuildPhase;
			buildActionMask = 2147483647;
			files = (
				C65F92E52BD34C850063832D /* NumberpattiiUITestsLaunchTests.m in Sources */,
				C65F92E32BD34C850063832D /* NumberpattiiUITests.m in Sources */,
				C66EF6062C11C9C200B2ECDD /* RootViewController.m in Sources */,
				C66EF5FE2C11C86D00B2ECDD /* HDAppDelegate.m in Sources */,
			);
			runOnlyForDeploymentPostprocessing = 0;
		};
/* End PBXSourcesBuildPhase section */

/* Begin PBXTargetDependency section */
		C60E433F2C11BB8000FDBE87 /* PBXTargetDependency */ = {
			isa = PBXTargetDependency;
			name = "libcocos2d iOS";
			targetProxy = C60E433E2C11BB8000FDBE87 /* PBXContainerItemProxy */;
		};
		C65F92D62BD34C850063832D /* PBXTargetDependency */ = {
			isa = PBXTargetDependency;
			target = C65F92B82BD34C830063832D /* Numberpattii */;
			targetProxy = C65F92D52BD34C850063832D /* PBXContainerItemProxy */;
		};
		C65F92E02BD34C850063832D /* PBXTargetDependency */ = {
			isa = PBXTargetDependency;
			target = C65F92B82BD34C830063832D /* Numberpattii */;
			targetProxy = C65F92DF2BD34C850063832D /* PBXContainerItemProxy */;
		};
/* End PBXTargetDependency section */

/* Begin PBXVariantGroup section */
		C65F92C52BD34C830063832D /* Main.storyboard */ = {
			isa = PBXVariantGroup;
			children = (
				C65F92C62BD34C830063832D /* Base */,
			);
			name = Main.storyboard;
			sourceTree = "<group>";
		};
		C65F92CA2BD34C850063832D /* LaunchScreen.storyboard */ = {
			isa = PBXVariantGroup;
			children = (
				C65F92CB2BD34C850063832D /* Base */,
			);
			name = LaunchScreen.storyboard;
			sourceTree = "<group>";
		};
/* End PBXVariantGroup section */

/* Begin XCBuildConfiguration section */
		C65F92E62BD34C850063832D /* Debug */ = {
			isa = XCBuildConfiguration;
			buildSettings = {
				ALWAYS_SEARCH_USER_PATHS = NO;
				ASSETCATALOG_COMPILER_GENERATE_SWIFT_ASSET_SYMBOL_EXTENSIONS = YES;
				CLANG_ANALYZER_NONNULL = YES;
				CLANG_ANALYZER_NUMBER_OBJECT_CONVERSION = YES_AGGRESSIVE;
				CLANG_CXX_LANGUAGE_STANDARD = "gnu++20";
				CLANG_ENABLE_MODULES = YES;
				CLANG_ENABLE_OBJC_ARC = YES;
				CLANG_ENABLE_OBJC_WEAK = YES;
				CLANG_WARN_BLOCK_CAPTURE_AUTORELEASING = YES;
				CLANG_WARN_BOOL_CONVERSION = YES;
				CLANG_WARN_COMMA = YES;
				CLANG_WARN_CONSTANT_CONVERSION = YES;
				CLANG_WARN_DEPRECATED_OBJC_IMPLEMENTATIONS = YES;
				CLANG_WARN_DIRECT_OBJC_ISA_USAGE = YES_ERROR;
				CLANG_WARN_DOCUMENTATION_COMMENTS = YES;
				CLANG_WARN_EMPTY_BODY = YES;
				CLANG_WARN_ENUM_CONVERSION = YES;
				CLANG_WARN_INFINITE_RECURSION = YES;
				CLANG_WARN_INT_CONVERSION = YES;
				CLANG_WARN_NON_LITERAL_NULL_CONVERSION = YES;
				CLANG_WARN_OBJC_IMPLICIT_RETAIN_SELF = YES;
				CLANG_WARN_OBJC_LITERAL_CONVERSION = YES;
				CLANG_WARN_OBJC_ROOT_CLASS = YES_ERROR;
				CLANG_WARN_QUOTED_INCLUDE_IN_FRAMEWORK_HEADER = YES;
				CLANG_WARN_RANGE_LOOP_ANALYSIS = YES;
				CLANG_WARN_STRICT_PROTOTYPES = YES;
				CLANG_WARN_SUSPICIOUS_MOVE = YES;
				CLANG_WARN_UNGUARDED_AVAILABILITY = YES_AGGRESSIVE;
				CLANG_WARN_UNREACHABLE_CODE = YES;
				CLANG_WARN__DUPLICATE_METHOD_MATCH = YES;
				COPY_PHASE_STRIP = NO;
				DEBUG_INFORMATION_FORMAT = dwarf;
				ENABLE_STRICT_OBJC_MSGSEND = YES;
				ENABLE_TESTABILITY = YES;
				ENABLE_USER_SCRIPT_SANDBOXING = YES;
				GCC_C_LANGUAGE_STANDARD = gnu17;
				GCC_DYNAMIC_NO_PIC = NO;
				GCC_NO_COMMON_BLOCKS = YES;
				GCC_OPTIMIZATION_LEVEL = 0;
				GCC_PREPROCESSOR_DEFINITIONS = (
					"DEBUG=1",
					"$(inherited)",
				);
				GCC_WARN_64_TO_32_BIT_CONVERSION = YES;
				GCC_WARN_ABOUT_RETURN_TYPE = YES_ERROR;
				GCC_WARN_UNDECLARED_SELECTOR = YES;
				GCC_WARN_UNINITIALIZED_AUTOS = YES_AGGRESSIVE;
				GCC_WARN_UNUSED_FUNCTION = YES;
				GCC_WARN_UNUSED_VARIABLE = YES;
				IPHONEOS_DEPLOYMENT_TARGET = 17.2;
				LOCALIZATION_PREFERS_STRING_CATALOGS = YES;
				MTL_ENABLE_DEBUG_INFO = INCLUDE_SOURCE;
				MTL_FAST_MATH = YES;
				ONLY_ACTIVE_ARCH = YES;
				SDKROOT = iphoneos;
				USER_HEADER_SEARCH_PATHS = (
					"$(SRCROOT)/cocos2d-x",
					"$(SRCROOT)/cocos2d-x/cocos",
					"$(SRCROOT)/cocos2d-x/cocos/base",
					"$(SRCROOT)/cocos2d-x/cocos/physics",
					"$(SRCROOT)/cocos2d-x/cocos/math/kazmath",
					"$(SRCROOT)/cocos2d-x/cocos/2d",
					"$(SRCROOT)/cocos2d-x/cocos/gui",
					"$(SRCROOT)/cocos2d-x/cocos/network",
					"$(SRCROOT)/cocos2d-x/cocos/audio/include",
					"$(SRCROOT)/cocos2d-x/cocos/editor-support",
					"$(SRCROOT)/cocos2d-x/cocos/scripting/js-bindings/manual",
					"$(SRCROOT)/cocos2d-x/external/chipmunk/include/chipmunk",
					"$(SRCROOT)/cocos2d-x/external/mac/include/v8",
					"$(SRCROOT)/cocos2d-x/extensions",
					"$(SRCROOT)/cocos2d-x/cocos/scripting/js-bindings/auto",
					"$(SRCROOT)/cocos2d-x/external",
					"$(SRCROOT)/cocos2d-x/external/sources",
				);
			};
			name = Debug;
		};
		C65F92E72BD34C850063832D /* Release */ = {
			isa = XCBuildConfiguration;
			buildSettings = {
				ALWAYS_SEARCH_USER_PATHS = NO;
				ASSETCATALOG_COMPILER_GENERATE_SWIFT_ASSET_SYMBOL_EXTENSIONS = YES;
				CLANG_ANALYZER_NONNULL = YES;
				CLANG_ANALYZER_NUMBER_OBJECT_CONVERSION = YES_AGGRESSIVE;
				CLANG_CXX_LANGUAGE_STANDARD = "gnu++20";
				CLANG_ENABLE_MODULES = YES;
				CLANG_ENABLE_OBJC_ARC = YES;
				CLANG_ENABLE_OBJC_WEAK = YES;
				CLANG_WARN_BLOCK_CAPTURE_AUTORELEASING = YES;
				CLANG_WARN_BOOL_CONVERSION = YES;
				CLANG_WARN_COMMA = YES;
				CLANG_WARN_CONSTANT_CONVERSION = YES;
				CLANG_WARN_DEPRECATED_OBJC_IMPLEMENTATIONS = YES;
				CLANG_WARN_DIRECT_OBJC_ISA_USAGE = YES_ERROR;
				CLANG_WARN_DOCUMENTATION_COMMENTS = YES;
				CLANG_WARN_EMPTY_BODY = YES;
				CLANG_WARN_ENUM_CONVERSION = YES;
				CLANG_WARN_INFINITE_RECURSION = YES;
				CLANG_WARN_INT_CONVERSION = YES;
				CLANG_WARN_NON_LITERAL_NULL_CONVERSION = YES;
				CLANG_WARN_OBJC_IMPLICIT_RETAIN_SELF = YES;
				CLANG_WARN_OBJC_LITERAL_CONVERSION = YES;
				CLANG_WARN_OBJC_ROOT_CLASS = YES_ERROR;
				CLANG_WARN_QUOTED_INCLUDE_IN_FRAMEWORK_HEADER = YES;
				CLANG_WARN_RANGE_LOOP_ANALYSIS = YES;
				CLANG_WARN_STRICT_PROTOTYPES = YES;
				CLANG_WARN_SUSPICIOUS_MOVE = YES;
				CLANG_WARN_UNGUARDED_AVAILABILITY = YES_AGGRESSIVE;
				CLANG_WARN_UNREACHABLE_CODE = YES;
				CLANG_WARN__DUPLICATE_METHOD_MATCH = YES;
				COPY_PHASE_STRIP = NO;
				DEBUG_INFORMATION_FORMAT = "dwarf-with-dsym";
				ENABLE_NS_ASSERTIONS = NO;
				ENABLE_STRICT_OBJC_MSGSEND = YES;
				ENABLE_USER_SCRIPT_SANDBOXING = YES;
				GCC_C_LANGUAGE_STANDARD = gnu17;
				GCC_NO_COMMON_BLOCKS = YES;
				GCC_WARN_64_TO_32_BIT_CONVERSION = YES;
				GCC_WARN_ABOUT_RETURN_TYPE = YES_ERROR;
				GCC_WARN_UNDECLARED_SELECTOR = YES;
				GCC_WARN_UNINITIALIZED_AUTOS = YES_AGGRESSIVE;
				GCC_WARN_UNUSED_FUNCTION = YES;
				GCC_WARN_UNUSED_VARIABLE = YES;
				IPHONEOS_DEPLOYMENT_TARGET = 17.2;
				LOCALIZATION_PREFERS_STRING_CATALOGS = YES;
				MTL_ENABLE_DEBUG_INFO = NO;
				MTL_FAST_MATH = YES;
				SDKROOT = iphoneos;
				USER_HEADER_SEARCH_PATHS = (
					"$(SRCROOT)/cocos2d-x",
					"$(SRCROOT)/cocos2d-x/cocos",
					"$(SRCROOT)/cocos2d-x/cocos/base",
					"$(SRCROOT)/cocos2d-x/cocos/physics",
					"$(SRCROOT)/cocos2d-x/cocos/math/kazmath",
					"$(SRCROOT)/cocos2d-x/cocos/2d",
					"$(SRCROOT)/cocos2d-x/cocos/gui",
					"$(SRCROOT)/cocos2d-x/cocos/network",
					"$(SRCROOT)/cocos2d-x/cocos/audio/include",
					"$(SRCROOT)/cocos2d-x/cocos/editor-support",
					"$(SRCROOT)/cocos2d-x/cocos/scripting/js-bindings/manual",
					"$(SRCROOT)/cocos2d-x/external/chipmunk/include/chipmunk",
					"$(SRCROOT)/cocos2d-x/external/mac/include/v8",
					"$(SRCROOT)/cocos2d-x/extensions",
					"$(SRCROOT)/cocos2d-x/cocos/scripting/js-bindings/auto",
					"$(SRCROOT)/cocos2d-x/external",
					"$(SRCROOT)/cocos2d-x/external/sources",
				);
				VALIDATE_PRODUCT = YES;
			};
			name = Release;
		};
		C65F92E92BD34C850063832D /* Debug */ = {
			isa = XCBuildConfiguration;
			baseConfigurationReference = 7130D8F0615306ACC6F16B76 /* Pods-Numberpattii.debug.xcconfig */;
			buildSettings = {
				ALWAYS_EMBED_SWIFT_STANDARD_LIBRARIES = YES;
				ALWAYS_SEARCH_USER_PATHS = YES;
				ASSETCATALOG_COMPILER_APPICON_NAME = AppIcon;
				ASSETCATALOG_COMPILER_GLOBAL_ACCENT_COLOR_NAME = AccentColor;
				CLANG_CXX_LANGUAGE_STANDARD = "c++0x";
				CODE_SIGN_IDENTITY = "Apple Development";
				CODE_SIGN_STYLE = Manual;
				CURRENT_PROJECT_VERSION = 1;
				DEVELOPMENT_TEAM = "";
				ENABLE_USER_SCRIPT_SANDBOXING = NO;
				GCC_C_LANGUAGE_STANDARD = c99;
				GCC_INPUT_FILETYPE = sourcecode.cpp.objcpp;
				GENERATE_INFOPLIST_FILE = YES;
				INFOPLIST_FILE = Numberpattii/Info.plist;
				INFOPLIST_KEY_CFBundleDisplayName = "3Patti Math Game";
				INFOPLIST_KEY_NSUserTrackingUsageDescription = "This identifier will be used to deliver personalized services to you";
				INFOPLIST_KEY_UIApplicationSupportsIndirectInputEvents = YES;
				INFOPLIST_KEY_UILaunchStoryboardName = LaunchScreen;
				INFOPLIST_KEY_UIMainStoryboardFile = Main;
				INFOPLIST_KEY_UISupportedInterfaceOrientations = "UIInterfaceOrientationLandscapeLeft UIInterfaceOrientationLandscapeRight";
				INFOPLIST_KEY_UISupportedInterfaceOrientations_iPad = "UIInterfaceOrientationLandscapeLeft UIInterfaceOrientationLandscapeRight UIInterfaceOrientationPortrait UIInterfaceOrientationPortraitUpsideDown";
				IPHONEOS_DEPLOYMENT_TARGET = 14.0;
				LD_RUNPATH_SEARCH_PATHS = (
					"$(inherited)",
					"@executable_path/Frameworks",
				);
				MARKETING_VERSION = 1.1;
				OTHER_CFLAGS = (
					"-fmodules",
					"-fcxx-modules",
				);
				PRODUCT_BUNDLE_IDENTIFIER = com.numberoattizjfu;
				PRODUCT_NAME = "$(TARGET_NAME)";
				PROVISIONING_PROFILE_SPECIFIER = "";
				SUPPORTED_PLATFORMS = "iphoneos iphonesimulator";
				SUPPORTS_MACCATALYST = NO;
				SWIFT_EMIT_LOC_STRINGS = YES;
				TARGETED_DEVICE_FAMILY = 1;
				USER_HEADER_SEARCH_PATHS = (
					"$(inherited)",
					"$(SRCROOT)/cocos2d-x/cocos/platform/ios",
					"$(SRCROOT)/cocos2d-x/plugin/jsbindings/auto",
					"$(SRCROOT)/cocos2d-x/plugin/jsbindings/manual",
					"$(SRCROOT)/cocos2d-x/external/ios/include",
					"$(SRCROOT)/cocos2d-x/external/ios/include/spidermonkey",
				);
			};
			name = Debug;
		};
		C65F92EA2BD34C850063832D /* Release */ = {
			isa = XCBuildConfiguration;
			baseConfigurationReference = E2C928C73A9B201509DAF888 /* Pods-Numberpattii.release.xcconfig */;
			buildSettings = {
				ALWAYS_EMBED_SWIFT_STANDARD_LIBRARIES = YES;
				ALWAYS_SEARCH_USER_PATHS = YES;
				ASSETCATALOG_COMPILER_APPICON_NAME = AppIcon;
				ASSETCATALOG_COMPILER_GLOBAL_ACCENT_COLOR_NAME = AccentColor;
				CLANG_CXX_LANGUAGE_STANDARD = "c++0x";
				CODE_SIGN_IDENTITY = "Apple Development";
				CODE_SIGN_STYLE = Manual;
				CURRENT_PROJECT_VERSION = 1;
				DEVELOPMENT_TEAM = "";
				ENABLE_USER_SCRIPT_SANDBOXING = NO;
				GCC_C_LANGUAGE_STANDARD = c99;
				GCC_INPUT_FILETYPE = sourcecode.cpp.objcpp;
				GENERATE_INFOPLIST_FILE = YES;
				INFOPLIST_FILE = Numberpattii/Info.plist;
				INFOPLIST_KEY_CFBundleDisplayName = "3Patti Math Game";
				INFOPLIST_KEY_NSUserTrackingUsageDescription = "This identifier will be used to deliver personalized services to you";
				INFOPLIST_KEY_UIApplicationSupportsIndirectInputEvents = YES;
				INFOPLIST_KEY_UILaunchStoryboardName = LaunchScreen;
				INFOPLIST_KEY_UIMainStoryboardFile = Main;
				INFOPLIST_KEY_UISupportedInterfaceOrientations = "UIInterfaceOrientationLandscapeLeft UIInterfaceOrientationLandscapeRight";
				INFOPLIST_KEY_UISupportedInterfaceOrientations_iPad = "UIInterfaceOrientationLandscapeLeft UIInterfaceOrientationLandscapeRight UIInterfaceOrientationPortrait UIInterfaceOrientationPortraitUpsideDown";
				IPHONEOS_DEPLOYMENT_TARGET = 14.0;
				LD_RUNPATH_SEARCH_PATHS = (
					"$(inherited)",
					"@executable_path/Frameworks",
				);
				MARKETING_VERSION = 1.1;
				OTHER_CFLAGS = (
					"-fmodules",
					"-fcxx-modules",
				);
				PRODUCT_BUNDLE_IDENTIFIER = com.numberoattizjfu;
				PRODUCT_NAME = "$(TARGET_NAME)";
				PROVISIONING_PROFILE_SPECIFIER = "";
				SUPPORTED_PLATFORMS = "iphoneos iphonesimulator";
				SUPPORTS_MACCATALYST = NO;
				SWIFT_EMIT_LOC_STRINGS = YES;
				TARGETED_DEVICE_FAMILY = 1;
				USER_HEADER_SEARCH_PATHS = (
					"$(inherited)",
					"$(SRCROOT)/cocos2d-x/cocos/platform/ios",
					"$(SRCROOT)/cocos2d-x/plugin/jsbindings/auto",
					"$(SRCROOT)/cocos2d-x/plugin/jsbindings/manual",
					"$(SRCROOT)/cocos2d-x/external/ios/include",
					"$(SRCROOT)/cocos2d-x/external/ios/include/spidermonkey",
				);
			};
			name = Release;
		};
		C65F92EC2BD34C850063832D /* Debug */ = {
			isa = XCBuildConfiguration;
			buildSettings = {
				BUNDLE_LOADER = "$(TEST_HOST)";
				CODE_SIGN_STYLE = Automatic;
				CURRENT_PROJECT_VERSION = 1;
				GENERATE_INFOPLIST_FILE = YES;
				IPHONEOS_DEPLOYMENT_TARGET = 17.2;
				MARKETING_VERSION = 1.0;
				PRODUCT_BUNDLE_IDENTIFIER = com.fupattzj.number.NumberpattiiTests;
				PRODUCT_NAME = "$(TARGET_NAME)";
				SWIFT_EMIT_LOC_STRINGS = NO;
				TARGETED_DEVICE_FAMILY = "1,2";
				TEST_HOST = "$(BUILT_PRODUCTS_DIR)/Numberpattii.app/$(BUNDLE_EXECUTABLE_FOLDER_PATH)/Numberpattii";
			};
			name = Debug;
		};
		C65F92ED2BD34C850063832D /* Release */ = {
			isa = XCBuildConfiguration;
			buildSettings = {
				BUNDLE_LOADER = "$(TEST_HOST)";
				CODE_SIGN_STYLE = Automatic;
				CURRENT_PROJECT_VERSION = 1;
				GENERATE_INFOPLIST_FILE = YES;
				IPHONEOS_DEPLOYMENT_TARGET = 17.2;
				MARKETING_VERSION = 1.0;
				PRODUCT_BUNDLE_IDENTIFIER = com.fupattzj.number.NumberpattiiTests;
				PRODUCT_NAME = "$(TARGET_NAME)";
				SWIFT_EMIT_LOC_STRINGS = NO;
				TARGETED_DEVICE_FAMILY = "1,2";
				TEST_HOST = "$(BUILT_PRODUCTS_DIR)/Numberpattii.app/$(BUNDLE_EXECUTABLE_FOLDER_PATH)/Numberpattii";
			};
			name = Release;
		};
		C65F92EF2BD34C850063832D /* Debug */ = {
			isa = XCBuildConfiguration;
			buildSettings = {
				CODE_SIGN_STYLE = Automatic;
				CURRENT_PROJECT_VERSION = 1;
				GENERATE_INFOPLIST_FILE = YES;
				MARKETING_VERSION = 1.0;
				PRODUCT_BUNDLE_IDENTIFIER = com.fupattzj.number.NumberpattiiUITests;
				PRODUCT_NAME = "$(TARGET_NAME)";
				SWIFT_EMIT_LOC_STRINGS = NO;
				TARGETED_DEVICE_FAMILY = "1,2";
				TEST_TARGET_NAME = Numberpattii;
			};
			name = Debug;
		};
		C65F92F02BD34C850063832D /* Release */ = {
			isa = XCBuildConfiguration;
			buildSettings = {
				CODE_SIGN_STYLE = Automatic;
				CURRENT_PROJECT_VERSION = 1;
				GENERATE_INFOPLIST_FILE = YES;
				MARKETING_VERSION = 1.0;
				PRODUCT_BUNDLE_IDENTIFIER = com.fupattzj.number.NumberpattiiUITests;
				PRODUCT_NAME = "$(TARGET_NAME)";
				SWIFT_EMIT_LOC_STRINGS = NO;
				TARGETED_DEVICE_FAMILY = "1,2";
				TEST_TARGET_NAME = Numberpattii;
			};
			name = Release;
		};
/* End XCBuildConfiguration section */

/* Begin XCConfigurationList section */
		C65F92B42BD34C830063832D /* Build configuration list for PBXProject "Numberpattii" */ = {
			isa = XCConfigurationList;
			buildConfigurations = (
				C65F92E62BD34C850063832D /* Debug */,
				C65F92E72BD34C850063832D /* Release */,
			);
			defaultConfigurationIsVisible = 0;
			defaultConfigurationName = Release;
		};
		C65F92E82BD34C850063832D /* Build configuration list for PBXNativeTarget "Numberpattii" */ = {
			isa = XCConfigurationList;
			buildConfigurations = (
				C65F92E92BD34C850063832D /* Debug */,
				C65F92EA2BD34C850063832D /* Release */,
			);
			defaultConfigurationIsVisible = 0;
			defaultConfigurationName = Release;
		};
		C65F92EB2BD34C850063832D /* Build configuration list for PBXNativeTarget "NumberpattiiTests" */ = {
			isa = XCConfigurationList;
			buildConfigurations = (
				C65F92EC2BD34C850063832D /* Debug */,
				C65F92ED2BD34C850063832D /* Release */,
			);
			defaultConfigurationIsVisible = 0;
			defaultConfigurationName = Release;
		};
		C65F92EE2BD34C850063832D /* Build configuration list for PBXNativeTarget "NumberpattiiUITests" */ = {
			isa = XCConfigurationList;
			buildConfigurations = (
				C65F92EF2BD34C850063832D /* Debug */,
				C65F92F02BD34C850063832D /* Release */,
			);
			defaultConfigurationIsVisible = 0;
			defaultConfigurationName = Release;
		};
/* End XCConfigurationList section */
	};
	rootObject = C65F92B12BD34C830063832D /* Project object */;
}
